// !$*UTF8*$!
{
	archiveVersion = 1;
	classes = {
	};
	objectVersion = 46;
	objects = {

/* Begin PBXBuildFile section */
		CF162FDF1AB7396D00673D44 /* libGoogleAnalyticsServices.a in Frameworks */ = {isa = PBXBuildFile; fileRef = CF162FDE1AB7396D00673D44 /* libGoogleAnalyticsServices.a */; };
		CF162FE21AB739C800673D44 /* SystemConfiguration.framework in Frameworks */ = {isa = PBXBuildFile; fileRef = CF162FE11AB739C800673D44 /* SystemConfiguration.framework */; };
		CF162FE41AB739D700673D44 /* libz.dylib in Frameworks */ = {isa = PBXBuildFile; fileRef = CF162FE31AB739D700673D44 /* libz.dylib */; };
		CF371AD31DA3EBCA006F2BC6 /* G3M3DLandDemoScene.cpp in Sources */ = {isa = PBXBuildFile; fileRef = CF371AD11DA3EBCA006F2BC6 /* G3M3DLandDemoScene.cpp */; };
		CF37F5EE183D239A0050CAEF /* G3MScenarioDEMDemoScene.cpp in Sources */ = {isa = PBXBuildFile; fileRef = CF37F5EC183D239A0050CAEF /* G3MScenarioDEMDemoScene.cpp */; };
		CF37F5F1183D26500050CAEF /* 0576.bil in Resources */ = {isa = PBXBuildFile; fileRef = CF37F5F0183D26500050CAEF /* 0576.bil */; };
		CF37F5F5183D355E0050CAEF /* MainStoryboard-iPhone.storyboard in Resources */ = {isa = PBXBuildFile; fileRef = CF37F5F4183D355E0050CAEF /* MainStoryboard-iPhone.storyboard */; };
		CF3F8FDF183526AE00589B4C /* G3MDemoBuilder.cpp in Sources */ = {isa = PBXBuildFile; fileRef = CF3F8FDD183526AE00589B4C /* G3MDemoBuilder.cpp */; };
		CF3F8FE7183576AF00589B4C /* MainStoryboard-iPad.storyboard in Resources */ = {isa = PBXBuildFile; fileRef = CF3F8FE6183576AF00589B4C /* MainStoryboard-iPad.storyboard */; };
		CF3F8FEA1835867D00589B4C /* G3MSelectDemoSceneViewController.mm in Sources */ = {isa = PBXBuildFile; fileRef = CF3F8FE91835867D00589B4C /* G3MSelectDemoSceneViewController.mm */; };
		CF483EC51A2E5D5100B70D7E /* G3MHUDDemoScene.cpp in Sources */ = {isa = PBXBuildFile; fileRef = CF483EC31A2E5D5100B70D7E /* G3MHUDDemoScene.cpp */; };
		CF483EC91A2E62A100B70D7E /* CompassHeadings.png in Resources */ = {isa = PBXBuildFile; fileRef = CF483EC81A2E62A100B70D7E /* CompassHeadings.png */; };
		CF483ECB1A2E62B600B70D7E /* altimeter-ruler-1536x113.png in Resources */ = {isa = PBXBuildFile; fileRef = CF483ECA1A2E62B600B70D7E /* altimeter-ruler-1536x113.png */; };
		CF483ECD1A2E62C400B70D7E /* widget-background.png in Resources */ = {isa = PBXBuildFile; fileRef = CF483ECC1A2E62C400B70D7E /* widget-background.png */; };
		CF6920B11837EA35007409D8 /* G3MDemoScene.cpp in Sources */ = {isa = PBXBuildFile; fileRef = CF6920AF1837EA35007409D8 /* G3MDemoScene.cpp */; };
		CF6920B41837F1CA007409D8 /* G3MRasterLayersDemoScene.cpp in Sources */ = {isa = PBXBuildFile; fileRef = CF6920B21837F1CA007409D8 /* G3MRasterLayersDemoScene.cpp */; };
		CF6920B71837F26B007409D8 /* G3MVectorialDemoScene.cpp in Sources */ = {isa = PBXBuildFile; fileRef = CF6920B51837F26B007409D8 /* G3MVectorialDemoScene.cpp */; };
		CF6920BA18392D51007409D8 /* G3MDemoContext.cpp in Sources */ = {isa = PBXBuildFile; fileRef = CF6920B818392D51007409D8 /* G3MDemoContext.cpp */; };
		CF6920C318394DB6007409D8 /* buildings_monaco.geojson in Resources */ = {isa = PBXBuildFile; fileRef = CF6920C018394DB6007409D8 /* buildings_monaco.geojson */; };
		CF6920C418394DB6007409D8 /* restaurants_monaco.geojson in Resources */ = {isa = PBXBuildFile; fileRef = CF6920C118394DB6007409D8 /* restaurants_monaco.geojson */; };
		CF6920C518394DB6007409D8 /* roads_monaco.geojson in Resources */ = {isa = PBXBuildFile; fileRef = CF6920C218394DB6007409D8 /* roads_monaco.geojson */; };
		CF6920C718394E44007409D8 /* restaurant-96x96.png in Resources */ = {isa = PBXBuildFile; fileRef = CF6920C618394E44007409D8 /* restaurant-96x96.png */; };
		CF6920C918394F56007409D8 /* restaurant-48x48.png in Resources */ = {isa = PBXBuildFile; fileRef = CF6920C818394F56007409D8 /* restaurant-48x48.png */; };
		CF6920CC1839679B007409D8 /* G3MSelectOptionViewController.mm in Sources */ = {isa = PBXBuildFile; fileRef = CF6920CB1839679B007409D8 /* G3MSelectOptionViewController.mm */; };
		CF6E184C19D35ADD002B456A /* loudoun_4326_300.bil in Resources */ = {isa = PBXBuildFile; fileRef = CF6E184B19D35ADD002B456A /* loudoun_4326_300.bil */; };
		CF8B1A541837DBFA004D3902 /* G3MDemoModel.mm in Sources */ = {isa = PBXBuildFile; fileRef = CF8B1A521837DBFA004D3902 /* G3MDemoModel.mm */; };
		CF8B1A581837DC69004D3902 /* G3MDemoListener.cpp in Sources */ = {isa = PBXBuildFile; fileRef = CF8B1A561837DC69004D3902 /* G3MDemoListener.cpp */; };
		CFB136CB1AA74FA00013EDE1 /* G3MAugmentedRealityDemoScene.mm in Sources */ = {isa = PBXBuildFile; fileRef = CFB136C91AA74FA00013EDE1 /* G3MAugmentedRealityDemoScene.mm */; };
		CFB136CE1AA7573D0013EDE1 /* CoreLocation.framework in Frameworks */ = {isa = PBXBuildFile; fileRef = CFB136CD1AA7573D0013EDE1 /* CoreLocation.framework */; };
		CFB136D01AA779830013EDE1 /* CoreMotion.framework in Frameworks */ = {isa = PBXBuildFile; fileRef = CFB136CF1AA779830013EDE1 /* CoreMotion.framework */; };
		CFB806E21837D4D300DB4B3B /* G3MDemoBuilder_iOS.mm in Sources */ = {isa = PBXBuildFile; fileRef = CFB806E01837D4D300DB4B3B /* G3MDemoBuilder_iOS.mm */; };
		CFBD815219A3D9F600F1A8C4 /* G3MStreamingPointCloud1DemoScene.cpp in Sources */ = {isa = PBXBuildFile; fileRef = CFBD815019A3D9F600F1A8C4 /* G3MStreamingPointCloud1DemoScene.cpp */; };
		CFC192D81A8D2E5F00FA89B3 /* G3MCanvas2DDemoScene.cpp in Sources */ = {isa = PBXBuildFile; fileRef = CFC192D61A8D2E5F00FA89B3 /* G3MCanvas2DDemoScene.cpp */; };
		CFC192DB1A8D3A7C00FA89B3 /* colorgrid.jpg in Resources */ = {isa = PBXBuildFile; fileRef = CFC192DA1A8D3A7C00FA89B3 /* colorgrid.jpg */; };
		CFC59BAC176F68DB002806D6 /* full-earth-2048x1024.bil in Resources */ = {isa = PBXBuildFile; fileRef = CFC59BAB176F68DB002806D6 /* full-earth-2048x1024.bil */; };
		CFC664CA1BC476B10062BAF5 /* G3MVectorStreaming2DemoScene.cpp in Sources */ = {isa = PBXBuildFile; fileRef = CFC664C81BC476B10062BAF5 /* G3MVectorStreaming2DemoScene.cpp */; };
		CFD3BE3D19D3324F00FE2D5A /* G3MStreamingPointCloud2DemoScene.cpp in Sources */ = {isa = PBXBuildFile; fileRef = CFD3BE3B19D3324F00FE2D5A /* G3MStreamingPointCloud2DemoScene.cpp */; };
		CFE3B3C7183A99070078C796 /* G3MMarksDemoScene.cpp in Sources */ = {isa = PBXBuildFile; fileRef = CFE3B3C5183A99070078C796 /* G3MMarksDemoScene.cpp */; };
		CFE3B3CB183ABAC70078C796 /* G3M3DSymbologyDemoScene.cpp in Sources */ = {isa = PBXBuildFile; fileRef = CFE3B3C9183ABAC70078C796 /* G3M3DSymbologyDemoScene.cpp */; };
		CFE3B3CD183ABD8B0078C796 /* uscitieslite.geojson in Resources */ = {isa = PBXBuildFile; fileRef = CFE3B3CC183ABD8B0078C796 /* uscitieslite.geojson */; };
		CFE3B3D0183AC7D20078C796 /* G3MPointCloudDemoScene.cpp in Sources */ = {isa = PBXBuildFile; fileRef = CFE3B3CE183AC7D20078C796 /* G3MPointCloudDemoScene.cpp */; };
		CFE3B3D2183ACAA90078C796 /* 18STJ7435_2000_4326.bson in Resources */ = {isa = PBXBuildFile; fileRef = CFE3B3D1183ACA580078C796 /* 18STJ7435_2000_4326.bson */; };
		CFE3B3D5183AD04A0078C796 /* G3M3DModelDemoScene.cpp in Sources */ = {isa = PBXBuildFile; fileRef = CFE3B3D3183AD04A0078C796 /* G3M3DModelDemoScene.cpp */; };
		CFE3B3D7183AD2CB0078C796 /* A320.bson in Resources */ = {isa = PBXBuildFile; fileRef = CFE3B3D6183AD2CB0078C796 /* A320.bson */; };
		CFE3B3D9183AD2D40078C796 /* textures-A320 in Resources */ = {isa = PBXBuildFile; fileRef = CFE3B3D8183AD2D40078C796 /* textures-A320 */; };
		CFE3B3DC183AD38D0078C796 /* G3MCameraDemoScene.cpp in Sources */ = {isa = PBXBuildFile; fileRef = CFE3B3DA183AD38D0078C796 /* G3MCameraDemoScene.cpp */; };
		CFE3B3DE183ADAA00078C796 /* sphinx.bson in Resources */ = {isa = PBXBuildFile; fileRef = CFE3B3DD183ADAA00078C796 /* sphinx.bson */; };
		CFE3B3E0183ADAAB0078C796 /* eifeltower.bson in Resources */ = {isa = PBXBuildFile; fileRef = CFE3B3DF183ADAAB0078C796 /* eifeltower.bson */; };
		CFE3B3E2183ADAB80078C796 /* arcdeTriomphe.bson in Resources */ = {isa = PBXBuildFile; fileRef = CFE3B3E1183ADAB80078C796 /* arcdeTriomphe.bson */; };
		CFE3B3E5183ADAFF0078C796 /* arc in Resources */ = {isa = PBXBuildFile; fileRef = CFE3B3E3183ADAFF0078C796 /* arc */; };
		CFE3B3E6183ADAFF0078C796 /* eifel in Resources */ = {isa = PBXBuildFile; fileRef = CFE3B3E4183ADAFF0078C796 /* eifel */; };
		CFE3B3EA183ADB2D0078C796 /* texture0.jpg in Resources */ = {isa = PBXBuildFile; fileRef = CFE3B3E7183ADB2D0078C796 /* texture0.jpg */; };
		CFE3B3EB183ADB2D0078C796 /* texture0.png in Resources */ = {isa = PBXBuildFile; fileRef = CFE3B3E8183ADB2D0078C796 /* texture0.png */; };
		CFE3B3EC183ADB2D0078C796 /* planeDiffuse.png in Resources */ = {isa = PBXBuildFile; fileRef = CFE3B3E9183ADB2D0078C796 /* planeDiffuse.png */; };
		CFE3B3EF183C05F70078C796 /* G3MIsosurfaceDemoScene.cpp in Sources */ = {isa = PBXBuildFile; fileRef = CFE3B3ED183C05F70078C796 /* G3MIsosurfaceDemoScene.cpp */; };
		CFE3B3F2183C07C50078C796 /* isosurface-mesh.json in Resources */ = {isa = PBXBuildFile; fileRef = CFE3B3F1183C07C50078C796 /* isosurface-mesh.json */; };
		CFECA7771B6AAA2F00A0A44E /* G3MVectorStreaming1DemoScene.cpp in Sources */ = {isa = PBXBuildFile; fileRef = CFECA7751B6AAA2F00A0A44E /* G3MVectorStreaming1DemoScene.cpp */; };
		CFF30256192816250049BEF4 /* G3MTiledVectorDemoScene.cpp in Sources */ = {isa = PBXBuildFile; fileRef = CFF30254192816250049BEF4 /* G3MTiledVectorDemoScene.cpp */; };
		CFF64D4518329FB7006ABFF6 /* Security.framework in Frameworks */ = {isa = PBXBuildFile; fileRef = CFF64D4418329FB7006ABFF6 /* Security.framework */; };
		CFF64D4718329FC8006ABFF6 /* CFNetwork.framework in Frameworks */ = {isa = PBXBuildFile; fileRef = CFF64D4618329FC8006ABFF6 /* CFNetwork.framework */; };
		CFF64D4918329FE6006ABFF6 /* libicucore.dylib in Frameworks */ = {isa = PBXBuildFile; fileRef = CFF64D4818329FE6006ABFF6 /* libicucore.dylib */; };
		CFF9D2061A7C4903005429A6 /* G3MNonOverlappingMarksDemoScene.mm in Sources */ = {isa = PBXBuildFile; fileRef = CFF9D2041A7C4903005429A6 /* G3MNonOverlappingMarksDemoScene.mm */; };
		CFF9D20A1A7C5014005429A6 /* anchorWidget.png in Resources */ = {isa = PBXBuildFile; fileRef = CFF9D2091A7C5014005429A6 /* anchorWidget.png */; };
		CFF9D20C1A7C5048005429A6 /* g3m-mark.png in Resources */ = {isa = PBXBuildFile; fileRef = CFF9D20B1A7C5048005429A6 /* g3m-mark.png */; };
		CFFCD2C91AD2C748004C7112 /* BuenosAires-Wikipedia.json in Resources */ = {isa = PBXBuildFile; fileRef = CFFCD2C81AD2C748004C7112 /* BuenosAires-Wikipedia.json */; };
		D82CA3F01C64D837008FAAD2 /* G3MStereoDemoScene.mm in Sources */ = {isa = PBXBuildFile; fileRef = D82CA3EE1C64D837008FAAD2 /* G3MStereoDemoScene.mm */; };
		D871790B1AE4FCCA00A9A14F /* G3MAnimatedMarksDemoScene.cpp in Sources */ = {isa = PBXBuildFile; fileRef = D87179091AE4FCCA00A9A14F /* G3MAnimatedMarksDemoScene.cpp */; };
		D871790E1AE500B500A9A14F /* radar-sprite.png in Resources */ = {isa = PBXBuildFile; fileRef = D871790D1AE500B500A9A14F /* radar-sprite.png */; };
		D87179101AE501B100A9A14F /* pin.png in Resources */ = {isa = PBXBuildFile; fileRef = D871790F1AE501B100A9A14F /* pin.png */; };
		E75321CB16D3DF6200CB3F8D /* libG3MiOSSDK.a in Frameworks */ = {isa = PBXBuildFile; fileRef = E7D1B64F16D24DE800AF47C1 /* libG3MiOSSDK.a */; };
		E780A3CD16D29EA5000F0395 /* map-on-96x48.png in Resources */ = {isa = PBXBuildFile; fileRef = E780A3C716D29EA5000F0395 /* map-on-96x48.png */; };
		E780A3CE16D29EA5000F0395 /* marker-wikipedia-48x48.png in Resources */ = {isa = PBXBuildFile; fileRef = E780A3C816D29EA5000F0395 /* marker-wikipedia-48x48.png */; };
		E780A3CF16D29EA5000F0395 /* marker-wikipedia-72x72.png in Resources */ = {isa = PBXBuildFile; fileRef = E780A3C916D29EA5000F0395 /* marker-wikipedia-72x72.png */; };
		E780A3D016D29EA5000F0395 /* play.png in Resources */ = {isa = PBXBuildFile; fileRef = E780A3CA16D29EA5000F0395 /* play.png */; };
		E780A3D116D29EA5000F0395 /* satellite-on-96x48.png in Resources */ = {isa = PBXBuildFile; fileRef = E780A3CB16D29EA5000F0395 /* satellite-on-96x48.png */; };
		E780A3D216D29EA5000F0395 /* stop.png in Resources */ = {isa = PBXBuildFile; fileRef = E780A3CC16D29EA5000F0395 /* stop.png */; };
		E780A3DB16D29FAA000F0395 /* A320.json in Resources */ = {isa = PBXBuildFile; fileRef = E780A3D516D29FAA000F0395 /* A320.json */; };
		E780A3DC16D29FAA000F0395 /* A320-NWA.png in Resources */ = {isa = PBXBuildFile; fileRef = E780A3D716D29FAA000F0395 /* A320-NWA.png */; };
		E780A3DD16D29FAA000F0395 /* A321-House.png in Resources */ = {isa = PBXBuildFile; fileRef = E780A3D816D29FAA000F0395 /* A321-House.png */; };
		E780A3DE16D29FAA000F0395 /* NWA.png in Resources */ = {isa = PBXBuildFile; fileRef = E780A3D916D29FAA000F0395 /* NWA.png */; };
		E7D1B60916D2436700AF47C1 /* UIKit.framework in Frameworks */ = {isa = PBXBuildFile; fileRef = E7D1B60816D2436700AF47C1 /* UIKit.framework */; };
		E7D1B60B16D2436700AF47C1 /* Foundation.framework in Frameworks */ = {isa = PBXBuildFile; fileRef = E7D1B60A16D2436700AF47C1 /* Foundation.framework */; };
		E7D1B60D16D2436700AF47C1 /* CoreGraphics.framework in Frameworks */ = {isa = PBXBuildFile; fileRef = E7D1B60C16D2436700AF47C1 /* CoreGraphics.framework */; };
		E7D1B61316D2436700AF47C1 /* InfoPlist.strings in Resources */ = {isa = PBXBuildFile; fileRef = E7D1B61116D2436700AF47C1 /* InfoPlist.strings */; };
		E7D1B61516D2436700AF47C1 /* main.m in Sources */ = {isa = PBXBuildFile; fileRef = E7D1B61416D2436700AF47C1 /* main.m */; };
		E7D1B61916D2436700AF47C1 /* G3MAppDelegate.m in Sources */ = {isa = PBXBuildFile; fileRef = E7D1B61816D2436700AF47C1 /* G3MAppDelegate.m */; };
		E7D1B61B16D2436700AF47C1 /* Default.png in Resources */ = {isa = PBXBuildFile; fileRef = E7D1B61A16D2436700AF47C1 /* Default.png */; };
		E7D1B61D16D2436700AF47C1 /* Default@2x.png in Resources */ = {isa = PBXBuildFile; fileRef = E7D1B61C16D2436700AF47C1 /* Default@2x.png */; };
		E7D1B61F16D2436700AF47C1 /* Default-568h@2x.png in Resources */ = {isa = PBXBuildFile; fileRef = E7D1B61E16D2436700AF47C1 /* Default-568h@2x.png */; };
		E7D1B62816D2436700AF47C1 /* G3MViewController.mm in Sources */ = {isa = PBXBuildFile; fileRef = E7D1B62716D2436700AF47C1 /* G3MViewController.mm */; };
		E7D1B63C16D2462B00AF47C1 /* Default-Landscape.png in Resources */ = {isa = PBXBuildFile; fileRef = E7D1B62E16D2462B00AF47C1 /* Default-Landscape.png */; };
		E7D1B63D16D2462B00AF47C1 /* Default-Landscape@2x.png in Resources */ = {isa = PBXBuildFile; fileRef = E7D1B62F16D2462B00AF47C1 /* Default-Landscape@2x.png */; };
		E7D1B63E16D2462B00AF47C1 /* Default-Portrait.png in Resources */ = {isa = PBXBuildFile; fileRef = E7D1B63016D2462B00AF47C1 /* Default-Portrait.png */; };
		E7D1B63F16D2462B00AF47C1 /* Default-Portrait@2x.png in Resources */ = {isa = PBXBuildFile; fileRef = E7D1B63116D2462B00AF47C1 /* Default-Portrait@2x.png */; };
		E7D1B64016D2462B00AF47C1 /* Icon-72.png in Resources */ = {isa = PBXBuildFile; fileRef = E7D1B63216D2462B00AF47C1 /* Icon-72.png */; };
		E7D1B64116D2462B00AF47C1 /* Icon-72@2x.png in Resources */ = {isa = PBXBuildFile; fileRef = E7D1B63316D2462B00AF47C1 /* Icon-72@2x.png */; };
		E7D1B64216D2462B00AF47C1 /* Icon-Small-50.png in Resources */ = {isa = PBXBuildFile; fileRef = E7D1B63416D2462B00AF47C1 /* Icon-Small-50.png */; };
		E7D1B64316D2462B00AF47C1 /* Icon-Small-50@2x.png in Resources */ = {isa = PBXBuildFile; fileRef = E7D1B63516D2462B00AF47C1 /* Icon-Small-50@2x.png */; };
		E7D1B64416D2462B00AF47C1 /* Icon-Small.png in Resources */ = {isa = PBXBuildFile; fileRef = E7D1B63616D2462B00AF47C1 /* Icon-Small.png */; };
		E7D1B64516D2462B00AF47C1 /* Icon-Small@2x.png in Resources */ = {isa = PBXBuildFile; fileRef = E7D1B63716D2462B00AF47C1 /* Icon-Small@2x.png */; };
		E7D1B64616D2462B00AF47C1 /* Icon.png in Resources */ = {isa = PBXBuildFile; fileRef = E7D1B63816D2462B00AF47C1 /* Icon.png */; };
		E7D1B64716D2462B00AF47C1 /* Icon@2x.png in Resources */ = {isa = PBXBuildFile; fileRef = E7D1B63916D2462B00AF47C1 /* Icon@2x.png */; };
		E7D1B64816D2462B00AF47C1 /* iTunesArtwork in Resources */ = {isa = PBXBuildFile; fileRef = E7D1B63A16D2462B00AF47C1 /* iTunesArtwork */; };
		E7D1B64916D2462B00AF47C1 /* iTunesArtwork@2x in Resources */ = {isa = PBXBuildFile; fileRef = E7D1B63B16D2462B00AF47C1 /* iTunesArtwork@2x */; };
		E7D1B65216D24E7300AF47C1 /* libsqlite3.dylib in Frameworks */ = {isa = PBXBuildFile; fileRef = E7D1B65116D24E7300AF47C1 /* libsqlite3.dylib */; };
		E7D1B65416D24EE000AF47C1 /* CoreData.framework in Frameworks */ = {isa = PBXBuildFile; fileRef = E7D1B65316D24EE000AF47C1 /* CoreData.framework */; };
		E7D1B65616D24EE800AF47C1 /* OpenGLES.framework in Frameworks */ = {isa = PBXBuildFile; fileRef = E7D1B65516D24EE800AF47C1 /* OpenGLES.framework */; };
		E7D1B65816D24EEE00AF47C1 /* QuartzCore.framework in Frameworks */ = {isa = PBXBuildFile; fileRef = E7D1B65716D24EEE00AF47C1 /* QuartzCore.framework */; };
		E7D1B7FF16D27C4300AF47C1 /* g3m-48.png in Resources */ = {isa = PBXBuildFile; fileRef = E7D1B7FD16D27C4300AF47C1 /* g3m-48.png */; };
		E7D1B80016D27C4300AF47C1 /* selector-background.png in Resources */ = {isa = PBXBuildFile; fileRef = E7D1B7FE16D27C4300AF47C1 /* selector-background.png */; };
/* End PBXBuildFile section */

/* Begin PBXContainerItemProxy section */
		E7D1B64E16D24DE800AF47C1 /* PBXContainerItemProxy */ = {
			isa = PBXContainerItemProxy;
			containerPortal = E7D1B64A16D24DE800AF47C1 /* G3MiOSSDK.xcodeproj */;
			proxyType = 2;
			remoteGlobalIDString = D8EEF3B51577924D003FEB5E;
			remoteInfo = G3MiOSSDK;
		};
/* End PBXContainerItemProxy section */

/* Begin PBXFileReference section */
		CF162FD41AB7396D00673D44 /* GAI.h */ = {isa = PBXFileReference; fileEncoding = 4; lastKnownFileType = sourcecode.c.h; path = GAI.h; sourceTree = "<group>"; };
		CF162FD51AB7396D00673D44 /* GAIDictionaryBuilder.h */ = {isa = PBXFileReference; fileEncoding = 4; lastKnownFileType = sourcecode.c.h; path = GAIDictionaryBuilder.h; sourceTree = "<group>"; };
		CF162FD61AB7396D00673D44 /* GAIEcommerceFields.h */ = {isa = PBXFileReference; fileEncoding = 4; lastKnownFileType = sourcecode.c.h; path = GAIEcommerceFields.h; sourceTree = "<group>"; };
		CF162FD71AB7396D00673D44 /* GAIEcommerceProduct.h */ = {isa = PBXFileReference; fileEncoding = 4; lastKnownFileType = sourcecode.c.h; path = GAIEcommerceProduct.h; sourceTree = "<group>"; };
		CF162FD81AB7396D00673D44 /* GAIEcommerceProductAction.h */ = {isa = PBXFileReference; fileEncoding = 4; lastKnownFileType = sourcecode.c.h; path = GAIEcommerceProductAction.h; sourceTree = "<group>"; };
		CF162FD91AB7396D00673D44 /* GAIEcommercePromotion.h */ = {isa = PBXFileReference; fileEncoding = 4; lastKnownFileType = sourcecode.c.h; path = GAIEcommercePromotion.h; sourceTree = "<group>"; };
		CF162FDA1AB7396D00673D44 /* GAIFields.h */ = {isa = PBXFileReference; fileEncoding = 4; lastKnownFileType = sourcecode.c.h; path = GAIFields.h; sourceTree = "<group>"; };
		CF162FDB1AB7396D00673D44 /* GAILogger.h */ = {isa = PBXFileReference; fileEncoding = 4; lastKnownFileType = sourcecode.c.h; path = GAILogger.h; sourceTree = "<group>"; };
		CF162FDC1AB7396D00673D44 /* GAITrackedViewController.h */ = {isa = PBXFileReference; fileEncoding = 4; lastKnownFileType = sourcecode.c.h; path = GAITrackedViewController.h; sourceTree = "<group>"; };
		CF162FDD1AB7396D00673D44 /* GAITracker.h */ = {isa = PBXFileReference; fileEncoding = 4; lastKnownFileType = sourcecode.c.h; path = GAITracker.h; sourceTree = "<group>"; };
		CF162FDE1AB7396D00673D44 /* libGoogleAnalyticsServices.a */ = {isa = PBXFileReference; lastKnownFileType = archive.ar; path = libGoogleAnalyticsServices.a; sourceTree = "<group>"; };
		CF162FE11AB739C800673D44 /* SystemConfiguration.framework */ = {isa = PBXFileReference; lastKnownFileType = wrapper.framework; name = SystemConfiguration.framework; path = System/Library/Frameworks/SystemConfiguration.framework; sourceTree = SDKROOT; };
		CF162FE31AB739D700673D44 /* libz.dylib */ = {isa = PBXFileReference; lastKnownFileType = "compiled.mach-o.dylib"; name = libz.dylib; path = usr/lib/libz.dylib; sourceTree = SDKROOT; };
		CF371AD11DA3EBCA006F2BC6 /* G3M3DLandDemoScene.cpp */ = {isa = PBXFileReference; fileEncoding = 4; lastKnownFileType = sourcecode.cpp.cpp; lineEnding = 0; path = G3M3DLandDemoScene.cpp; sourceTree = "<group>"; xcLanguageSpecificationIdentifier = xcode.lang.cpp; };
		CF371AD21DA3EBCA006F2BC6 /* G3M3DLandDemoScene.hpp */ = {isa = PBXFileReference; fileEncoding = 4; lastKnownFileType = sourcecode.cpp.h; lineEnding = 0; path = G3M3DLandDemoScene.hpp; sourceTree = "<group>"; xcLanguageSpecificationIdentifier = xcode.lang.cpp; };
		CF37F5EC183D239A0050CAEF /* G3MScenarioDEMDemoScene.cpp */ = {isa = PBXFileReference; fileEncoding = 4; lastKnownFileType = sourcecode.cpp.cpp; lineEnding = 0; path = G3MScenarioDEMDemoScene.cpp; sourceTree = "<group>"; xcLanguageSpecificationIdentifier = xcode.lang.cpp; };
		CF37F5ED183D239A0050CAEF /* G3MScenarioDEMDemoScene.hpp */ = {isa = PBXFileReference; fileEncoding = 4; lastKnownFileType = sourcecode.cpp.h; path = G3MScenarioDEMDemoScene.hpp; sourceTree = "<group>"; };
		CF37F5F0183D26500050CAEF /* 0576.bil */ = {isa = PBXFileReference; fileEncoding = 4; lastKnownFileType = text; path = 0576.bil; sourceTree = "<group>"; };
		CF37F5F4183D355E0050CAEF /* MainStoryboard-iPhone.storyboard */ = {isa = PBXFileReference; fileEncoding = 4; lastKnownFileType = file.storyboard; path = "MainStoryboard-iPhone.storyboard"; sourceTree = "<group>"; };
		CF3F8FDD183526AE00589B4C /* G3MDemoBuilder.cpp */ = {isa = PBXFileReference; fileEncoding = 4; lastKnownFileType = sourcecode.cpp.cpp; lineEnding = 0; path = G3MDemoBuilder.cpp; sourceTree = "<group>"; xcLanguageSpecificationIdentifier = xcode.lang.cpp; };
		CF3F8FDE183526AE00589B4C /* G3MDemoBuilder.hpp */ = {isa = PBXFileReference; fileEncoding = 4; lastKnownFileType = sourcecode.cpp.h; lineEnding = 0; path = G3MDemoBuilder.hpp; sourceTree = "<group>"; xcLanguageSpecificationIdentifier = xcode.lang.cpp; };
		CF3F8FE6183576AF00589B4C /* MainStoryboard-iPad.storyboard */ = {isa = PBXFileReference; fileEncoding = 4; lastKnownFileType = file.storyboard; path = "MainStoryboard-iPad.storyboard"; sourceTree = "<group>"; };
		CF3F8FE81835867D00589B4C /* G3MSelectDemoSceneViewController.h */ = {isa = PBXFileReference; fileEncoding = 4; lastKnownFileType = sourcecode.c.h; path = G3MSelectDemoSceneViewController.h; sourceTree = "<group>"; };
		CF3F8FE91835867D00589B4C /* G3MSelectDemoSceneViewController.mm */ = {isa = PBXFileReference; fileEncoding = 4; lastKnownFileType = sourcecode.cpp.objcpp; path = G3MSelectDemoSceneViewController.mm; sourceTree = "<group>"; };
		CF483EC31A2E5D5100B70D7E /* G3MHUDDemoScene.cpp */ = {isa = PBXFileReference; fileEncoding = 4; lastKnownFileType = sourcecode.cpp.cpp; path = G3MHUDDemoScene.cpp; sourceTree = "<group>"; };
		CF483EC41A2E5D5100B70D7E /* G3MHUDDemoScene.hpp */ = {isa = PBXFileReference; fileEncoding = 4; lastKnownFileType = sourcecode.cpp.h; path = G3MHUDDemoScene.hpp; sourceTree = "<group>"; };
		CF483EC81A2E62A100B70D7E /* CompassHeadings.png */ = {isa = PBXFileReference; lastKnownFileType = image.png; path = CompassHeadings.png; sourceTree = "<group>"; };
		CF483ECA1A2E62B600B70D7E /* altimeter-ruler-1536x113.png */ = {isa = PBXFileReference; lastKnownFileType = image.png; path = "altimeter-ruler-1536x113.png"; sourceTree = "<group>"; };
		CF483ECC1A2E62C400B70D7E /* widget-background.png */ = {isa = PBXFileReference; lastKnownFileType = image.png; path = "widget-background.png"; sourceTree = "<group>"; };
		CF6920AF1837EA35007409D8 /* G3MDemoScene.cpp */ = {isa = PBXFileReference; fileEncoding = 4; lastKnownFileType = sourcecode.cpp.cpp; path = G3MDemoScene.cpp; sourceTree = "<group>"; };
		CF6920B01837EA35007409D8 /* G3MDemoScene.hpp */ = {isa = PBXFileReference; fileEncoding = 4; lastKnownFileType = sourcecode.cpp.h; path = G3MDemoScene.hpp; sourceTree = "<group>"; };
		CF6920B21837F1CA007409D8 /* G3MRasterLayersDemoScene.cpp */ = {isa = PBXFileReference; fileEncoding = 4; lastKnownFileType = sourcecode.cpp.cpp; lineEnding = 0; path = G3MRasterLayersDemoScene.cpp; sourceTree = "<group>"; xcLanguageSpecificationIdentifier = xcode.lang.cpp; };
		CF6920B31837F1CA007409D8 /* G3MRasterLayersDemoScene.hpp */ = {isa = PBXFileReference; fileEncoding = 4; lastKnownFileType = sourcecode.cpp.h; lineEnding = 0; path = G3MRasterLayersDemoScene.hpp; sourceTree = "<group>"; xcLanguageSpecificationIdentifier = xcode.lang.cpp; };
		CF6920B51837F26B007409D8 /* G3MVectorialDemoScene.cpp */ = {isa = PBXFileReference; fileEncoding = 4; lastKnownFileType = sourcecode.cpp.cpp; lineEnding = 0; path = G3MVectorialDemoScene.cpp; sourceTree = "<group>"; xcLanguageSpecificationIdentifier = xcode.lang.cpp; };
		CF6920B61837F26B007409D8 /* G3MVectorialDemoScene.hpp */ = {isa = PBXFileReference; fileEncoding = 4; lastKnownFileType = sourcecode.cpp.h; path = G3MVectorialDemoScene.hpp; sourceTree = "<group>"; };
		CF6920B818392D51007409D8 /* G3MDemoContext.cpp */ = {isa = PBXFileReference; fileEncoding = 4; lastKnownFileType = sourcecode.cpp.cpp; path = G3MDemoContext.cpp; sourceTree = "<group>"; };
		CF6920B918392D51007409D8 /* G3MDemoContext.hpp */ = {isa = PBXFileReference; fileEncoding = 4; lastKnownFileType = sourcecode.cpp.h; path = G3MDemoContext.hpp; sourceTree = "<group>"; };
		CF6920C018394DB6007409D8 /* buildings_monaco.geojson */ = {isa = PBXFileReference; fileEncoding = 4; lastKnownFileType = text; path = buildings_monaco.geojson; sourceTree = "<group>"; };
		CF6920C118394DB6007409D8 /* restaurants_monaco.geojson */ = {isa = PBXFileReference; fileEncoding = 4; lastKnownFileType = text; path = restaurants_monaco.geojson; sourceTree = "<group>"; };
		CF6920C218394DB6007409D8 /* roads_monaco.geojson */ = {isa = PBXFileReference; fileEncoding = 4; lastKnownFileType = text; path = roads_monaco.geojson; sourceTree = "<group>"; };
		CF6920C618394E44007409D8 /* restaurant-96x96.png */ = {isa = PBXFileReference; lastKnownFileType = image.png; path = "restaurant-96x96.png"; sourceTree = "<group>"; };
		CF6920C818394F56007409D8 /* restaurant-48x48.png */ = {isa = PBXFileReference; lastKnownFileType = image.png; path = "restaurant-48x48.png"; sourceTree = "<group>"; };
		CF6920CA1839679B007409D8 /* G3MSelectOptionViewController.h */ = {isa = PBXFileReference; fileEncoding = 4; lastKnownFileType = sourcecode.c.h; path = G3MSelectOptionViewController.h; sourceTree = "<group>"; };
		CF6920CB1839679B007409D8 /* G3MSelectOptionViewController.mm */ = {isa = PBXFileReference; fileEncoding = 4; lastKnownFileType = sourcecode.cpp.objcpp; path = G3MSelectOptionViewController.mm; sourceTree = "<group>"; };
		CF6E184B19D35ADD002B456A /* loudoun_4326_300.bil */ = {isa = PBXFileReference; fileEncoding = 4; lastKnownFileType = text; path = loudoun_4326_300.bil; sourceTree = "<group>"; };
		CF8B1A521837DBFA004D3902 /* G3MDemoModel.mm */ = {isa = PBXFileReference; fileEncoding = 4; lastKnownFileType = sourcecode.cpp.objcpp; lineEnding = 0; path = G3MDemoModel.mm; sourceTree = "<group>"; xcLanguageSpecificationIdentifier = xcode.lang.cpp; };
		CF8B1A531837DBFA004D3902 /* G3MDemoModel.hpp */ = {isa = PBXFileReference; fileEncoding = 4; lastKnownFileType = sourcecode.cpp.h; path = G3MDemoModel.hpp; sourceTree = "<group>"; };
		CF8B1A561837DC69004D3902 /* G3MDemoListener.cpp */ = {isa = PBXFileReference; fileEncoding = 4; lastKnownFileType = sourcecode.cpp.cpp; path = G3MDemoListener.cpp; sourceTree = "<group>"; };
		CF8B1A571837DC69004D3902 /* G3MDemoListener.hpp */ = {isa = PBXFileReference; fileEncoding = 4; lastKnownFileType = sourcecode.cpp.h; path = G3MDemoListener.hpp; sourceTree = "<group>"; };
		CFB136C91AA74FA00013EDE1 /* G3MAugmentedRealityDemoScene.mm */ = {isa = PBXFileReference; fileEncoding = 4; lastKnownFileType = sourcecode.cpp.objcpp; path = G3MAugmentedRealityDemoScene.mm; sourceTree = "<group>"; };
		CFB136CA1AA74FA00013EDE1 /* G3MAugmentedRealityDemoScene.hpp */ = {isa = PBXFileReference; fileEncoding = 4; lastKnownFileType = sourcecode.cpp.h; path = G3MAugmentedRealityDemoScene.hpp; sourceTree = "<group>"; };
		CFB136CD1AA7573D0013EDE1 /* CoreLocation.framework */ = {isa = PBXFileReference; lastKnownFileType = wrapper.framework; name = CoreLocation.framework; path = System/Library/Frameworks/CoreLocation.framework; sourceTree = SDKROOT; };
		CFB136CF1AA779830013EDE1 /* CoreMotion.framework */ = {isa = PBXFileReference; lastKnownFileType = wrapper.framework; name = CoreMotion.framework; path = System/Library/Frameworks/CoreMotion.framework; sourceTree = SDKROOT; };
		CFB806E01837D4D300DB4B3B /* G3MDemoBuilder_iOS.mm */ = {isa = PBXFileReference; fileEncoding = 4; lastKnownFileType = sourcecode.cpp.objcpp; path = G3MDemoBuilder_iOS.mm; sourceTree = "<group>"; };
		CFB806E11837D4D300DB4B3B /* G3MDemoBuilder_iOS.hpp */ = {isa = PBXFileReference; fileEncoding = 4; lastKnownFileType = sourcecode.cpp.h; lineEnding = 0; path = G3MDemoBuilder_iOS.hpp; sourceTree = "<group>"; xcLanguageSpecificationIdentifier = xcode.lang.cpp; };
		CFBD815019A3D9F600F1A8C4 /* G3MStreamingPointCloud1DemoScene.cpp */ = {isa = PBXFileReference; fileEncoding = 4; lastKnownFileType = sourcecode.cpp.cpp; path = G3MStreamingPointCloud1DemoScene.cpp; sourceTree = "<group>"; };
		CFBD815119A3D9F600F1A8C4 /* G3MStreamingPointCloud1DemoScene.hpp */ = {isa = PBXFileReference; fileEncoding = 4; lastKnownFileType = sourcecode.cpp.h; path = G3MStreamingPointCloud1DemoScene.hpp; sourceTree = "<group>"; };
		CFC192D61A8D2E5F00FA89B3 /* G3MCanvas2DDemoScene.cpp */ = {isa = PBXFileReference; fileEncoding = 4; lastKnownFileType = sourcecode.cpp.cpp; path = G3MCanvas2DDemoScene.cpp; sourceTree = "<group>"; };
		CFC192D71A8D2E5F00FA89B3 /* G3MCanvas2DDemoScene.hpp */ = {isa = PBXFileReference; fileEncoding = 4; lastKnownFileType = sourcecode.cpp.h; path = G3MCanvas2DDemoScene.hpp; sourceTree = "<group>"; };
		CFC192DA1A8D3A7C00FA89B3 /* colorgrid.jpg */ = {isa = PBXFileReference; lastKnownFileType = image.jpeg; path = colorgrid.jpg; sourceTree = "<group>"; };
		CFC59BAB176F68DB002806D6 /* full-earth-2048x1024.bil */ = {isa = PBXFileReference; fileEncoding = 4; lastKnownFileType = text; path = "full-earth-2048x1024.bil"; sourceTree = "<group>"; };
		CFC664C81BC476B10062BAF5 /* G3MVectorStreaming2DemoScene.cpp */ = {isa = PBXFileReference; fileEncoding = 4; lastKnownFileType = sourcecode.cpp.cpp; path = G3MVectorStreaming2DemoScene.cpp; sourceTree = "<group>"; };
		CFC664C91BC476B10062BAF5 /* G3MVectorStreaming2DemoScene.hpp */ = {isa = PBXFileReference; fileEncoding = 4; lastKnownFileType = sourcecode.cpp.h; path = G3MVectorStreaming2DemoScene.hpp; sourceTree = "<group>"; };
		CFD3BE3B19D3324F00FE2D5A /* G3MStreamingPointCloud2DemoScene.cpp */ = {isa = PBXFileReference; fileEncoding = 4; lastKnownFileType = sourcecode.cpp.cpp; path = G3MStreamingPointCloud2DemoScene.cpp; sourceTree = "<group>"; };
		CFD3BE3C19D3324F00FE2D5A /* G3MStreamingPointCloud2DemoScene.hpp */ = {isa = PBXFileReference; fileEncoding = 4; lastKnownFileType = sourcecode.cpp.h; path = G3MStreamingPointCloud2DemoScene.hpp; sourceTree = "<group>"; };
		CFE3B3C5183A99070078C796 /* G3MMarksDemoScene.cpp */ = {isa = PBXFileReference; fileEncoding = 4; lastKnownFileType = sourcecode.cpp.cpp; path = G3MMarksDemoScene.cpp; sourceTree = "<group>"; };
		CFE3B3C6183A99070078C796 /* G3MMarksDemoScene.hpp */ = {isa = PBXFileReference; fileEncoding = 4; lastKnownFileType = sourcecode.cpp.h; path = G3MMarksDemoScene.hpp; sourceTree = "<group>"; };
		CFE3B3C9183ABAC70078C796 /* G3M3DSymbologyDemoScene.cpp */ = {isa = PBXFileReference; fileEncoding = 4; lastKnownFileType = sourcecode.cpp.cpp; lineEnding = 0; path = G3M3DSymbologyDemoScene.cpp; sourceTree = "<group>"; xcLanguageSpecificationIdentifier = xcode.lang.cpp; };
		CFE3B3CA183ABAC70078C796 /* G3M3DSymbologyDemoScene.hpp */ = {isa = PBXFileReference; fileEncoding = 4; lastKnownFileType = sourcecode.cpp.h; path = G3M3DSymbologyDemoScene.hpp; sourceTree = "<group>"; };
		CFE3B3CC183ABD8B0078C796 /* uscitieslite.geojson */ = {isa = PBXFileReference; fileEncoding = 4; lastKnownFileType = text; path = uscitieslite.geojson; sourceTree = "<group>"; };
		CFE3B3CE183AC7D20078C796 /* G3MPointCloudDemoScene.cpp */ = {isa = PBXFileReference; fileEncoding = 4; lastKnownFileType = sourcecode.cpp.cpp; path = G3MPointCloudDemoScene.cpp; sourceTree = "<group>"; };
		CFE3B3CF183AC7D20078C796 /* G3MPointCloudDemoScene.hpp */ = {isa = PBXFileReference; fileEncoding = 4; lastKnownFileType = sourcecode.cpp.h; path = G3MPointCloudDemoScene.hpp; sourceTree = "<group>"; };
		CFE3B3D1183ACA580078C796 /* 18STJ7435_2000_4326.bson */ = {isa = PBXFileReference; lastKnownFileType = file; path = 18STJ7435_2000_4326.bson; sourceTree = "<group>"; };
		CFE3B3D3183AD04A0078C796 /* G3M3DModelDemoScene.cpp */ = {isa = PBXFileReference; fileEncoding = 4; lastKnownFileType = sourcecode.cpp.cpp; path = G3M3DModelDemoScene.cpp; sourceTree = "<group>"; };
		CFE3B3D4183AD04A0078C796 /* G3M3DModelDemoScene.hpp */ = {isa = PBXFileReference; fileEncoding = 4; lastKnownFileType = sourcecode.cpp.h; path = G3M3DModelDemoScene.hpp; sourceTree = "<group>"; };
		CFE3B3D6183AD2CB0078C796 /* A320.bson */ = {isa = PBXFileReference; lastKnownFileType = file; path = A320.bson; sourceTree = "<group>"; };
		CFE3B3D8183AD2D40078C796 /* textures-A320 */ = {isa = PBXFileReference; lastKnownFileType = folder; path = "textures-A320"; sourceTree = "<group>"; };
		CFE3B3DA183AD38D0078C796 /* G3MCameraDemoScene.cpp */ = {isa = PBXFileReference; fileEncoding = 4; lastKnownFileType = sourcecode.cpp.cpp; path = G3MCameraDemoScene.cpp; sourceTree = "<group>"; };
		CFE3B3DB183AD38D0078C796 /* G3MCameraDemoScene.hpp */ = {isa = PBXFileReference; fileEncoding = 4; lastKnownFileType = sourcecode.cpp.h; path = G3MCameraDemoScene.hpp; sourceTree = "<group>"; };
		CFE3B3DD183ADAA00078C796 /* sphinx.bson */ = {isa = PBXFileReference; lastKnownFileType = file; path = sphinx.bson; sourceTree = "<group>"; };
		CFE3B3DF183ADAAB0078C796 /* eifeltower.bson */ = {isa = PBXFileReference; lastKnownFileType = file; path = eifeltower.bson; sourceTree = "<group>"; };
		CFE3B3E1183ADAB80078C796 /* arcdeTriomphe.bson */ = {isa = PBXFileReference; lastKnownFileType = file; path = arcdeTriomphe.bson; sourceTree = "<group>"; };
		CFE3B3E3183ADAFF0078C796 /* arc */ = {isa = PBXFileReference; lastKnownFileType = folder; path = arc; sourceTree = "<group>"; };
		CFE3B3E4183ADAFF0078C796 /* eifel */ = {isa = PBXFileReference; lastKnownFileType = folder; path = eifel; sourceTree = "<group>"; };
		CFE3B3E7183ADB2D0078C796 /* texture0.jpg */ = {isa = PBXFileReference; lastKnownFileType = image.jpeg; path = texture0.jpg; sourceTree = "<group>"; };
		CFE3B3E8183ADB2D0078C796 /* texture0.png */ = {isa = PBXFileReference; lastKnownFileType = image.png; path = texture0.png; sourceTree = "<group>"; };
		CFE3B3E9183ADB2D0078C796 /* planeDiffuse.png */ = {isa = PBXFileReference; lastKnownFileType = image.png; path = planeDiffuse.png; sourceTree = "<group>"; };
		CFE3B3ED183C05F70078C796 /* G3MIsosurfaceDemoScene.cpp */ = {isa = PBXFileReference; fileEncoding = 4; lastKnownFileType = sourcecode.cpp.cpp; path = G3MIsosurfaceDemoScene.cpp; sourceTree = "<group>"; };
		CFE3B3EE183C05F70078C796 /* G3MIsosurfaceDemoScene.hpp */ = {isa = PBXFileReference; fileEncoding = 4; lastKnownFileType = sourcecode.cpp.h; path = G3MIsosurfaceDemoScene.hpp; sourceTree = "<group>"; };
		CFE3B3F1183C07C50078C796 /* isosurface-mesh.json */ = {isa = PBXFileReference; fileEncoding = 4; lastKnownFileType = text.json; path = "isosurface-mesh.json"; sourceTree = "<group>"; };
		CFECA7751B6AAA2F00A0A44E /* G3MVectorStreaming1DemoScene.cpp */ = {isa = PBXFileReference; fileEncoding = 4; lastKnownFileType = sourcecode.cpp.cpp; path = G3MVectorStreaming1DemoScene.cpp; sourceTree = "<group>"; };
		CFECA7761B6AAA2F00A0A44E /* G3MVectorStreaming1DemoScene.hpp */ = {isa = PBXFileReference; fileEncoding = 4; lastKnownFileType = sourcecode.cpp.h; path = G3MVectorStreaming1DemoScene.hpp; sourceTree = "<group>"; };
		CFF30254192816250049BEF4 /* G3MTiledVectorDemoScene.cpp */ = {isa = PBXFileReference; fileEncoding = 4; lastKnownFileType = sourcecode.cpp.cpp; path = G3MTiledVectorDemoScene.cpp; sourceTree = "<group>"; };
		CFF30255192816250049BEF4 /* G3MTiledVectorDemoScene.hpp */ = {isa = PBXFileReference; fileEncoding = 4; lastKnownFileType = sourcecode.cpp.h; path = G3MTiledVectorDemoScene.hpp; sourceTree = "<group>"; };
		CFF64D4418329FB7006ABFF6 /* Security.framework */ = {isa = PBXFileReference; lastKnownFileType = wrapper.framework; name = Security.framework; path = System/Library/Frameworks/Security.framework; sourceTree = SDKROOT; };
		CFF64D4618329FC8006ABFF6 /* CFNetwork.framework */ = {isa = PBXFileReference; lastKnownFileType = wrapper.framework; name = CFNetwork.framework; path = System/Library/Frameworks/CFNetwork.framework; sourceTree = SDKROOT; };
		CFF64D4818329FE6006ABFF6 /* libicucore.dylib */ = {isa = PBXFileReference; lastKnownFileType = "compiled.mach-o.dylib"; name = libicucore.dylib; path = usr/lib/libicucore.dylib; sourceTree = SDKROOT; };
		CFF9D2041A7C4903005429A6 /* G3MNonOverlappingMarksDemoScene.mm */ = {isa = PBXFileReference; fileEncoding = 4; lastKnownFileType = sourcecode.cpp.objcpp; path = G3MNonOverlappingMarksDemoScene.mm; sourceTree = "<group>"; };
		CFF9D2051A7C4903005429A6 /* G3MNonOverlappingMarksDemoScene.hpp */ = {isa = PBXFileReference; fileEncoding = 4; lastKnownFileType = sourcecode.cpp.h; path = G3MNonOverlappingMarksDemoScene.hpp; sourceTree = "<group>"; };
		CFF9D2091A7C5014005429A6 /* anchorWidget.png */ = {isa = PBXFileReference; lastKnownFileType = image.png; path = anchorWidget.png; sourceTree = "<group>"; };
		CFF9D20B1A7C5048005429A6 /* g3m-mark.png */ = {isa = PBXFileReference; lastKnownFileType = image.png; path = "g3m-mark.png"; sourceTree = "<group>"; };
		CFFCD2C81AD2C748004C7112 /* BuenosAires-Wikipedia.json */ = {isa = PBXFileReference; fileEncoding = 4; lastKnownFileType = text.json; path = "BuenosAires-Wikipedia.json"; sourceTree = "<group>"; };
		D82CA3EE1C64D837008FAAD2 /* G3MStereoDemoScene.mm */ = {isa = PBXFileReference; fileEncoding = 4; lastKnownFileType = sourcecode.cpp.objcpp; path = G3MStereoDemoScene.mm; sourceTree = "<group>"; };
		D82CA3EF1C64D837008FAAD2 /* G3MStereoDemoScene.hpp */ = {isa = PBXFileReference; fileEncoding = 4; lastKnownFileType = sourcecode.cpp.h; path = G3MStereoDemoScene.hpp; sourceTree = "<group>"; };
		D87179091AE4FCCA00A9A14F /* G3MAnimatedMarksDemoScene.cpp */ = {isa = PBXFileReference; fileEncoding = 4; lastKnownFileType = sourcecode.cpp.cpp; lineEnding = 0; path = G3MAnimatedMarksDemoScene.cpp; sourceTree = "<group>"; xcLanguageSpecificationIdentifier = xcode.lang.cpp; };
		D871790A1AE4FCCA00A9A14F /* G3MAnimatedMarksDemoScene.hpp */ = {isa = PBXFileReference; fileEncoding = 4; lastKnownFileType = sourcecode.cpp.h; path = G3MAnimatedMarksDemoScene.hpp; sourceTree = "<group>"; };
		D871790D1AE500B500A9A14F /* radar-sprite.png */ = {isa = PBXFileReference; lastKnownFileType = image.png; path = "radar-sprite.png"; sourceTree = "<group>"; };
		D871790F1AE501B100A9A14F /* pin.png */ = {isa = PBXFileReference; lastKnownFileType = image.png; path = pin.png; sourceTree = "<group>"; };
		E780A3C716D29EA5000F0395 /* map-on-96x48.png */ = {isa = PBXFileReference; lastKnownFileType = image.png; path = "map-on-96x48.png"; sourceTree = "<group>"; };
		E780A3C816D29EA5000F0395 /* marker-wikipedia-48x48.png */ = {isa = PBXFileReference; lastKnownFileType = image.png; path = "marker-wikipedia-48x48.png"; sourceTree = "<group>"; };
		E780A3C916D29EA5000F0395 /* marker-wikipedia-72x72.png */ = {isa = PBXFileReference; lastKnownFileType = image.png; path = "marker-wikipedia-72x72.png"; sourceTree = "<group>"; };
		E780A3CA16D29EA5000F0395 /* play.png */ = {isa = PBXFileReference; lastKnownFileType = image.png; path = play.png; sourceTree = "<group>"; };
		E780A3CB16D29EA5000F0395 /* satellite-on-96x48.png */ = {isa = PBXFileReference; lastKnownFileType = image.png; path = "satellite-on-96x48.png"; sourceTree = "<group>"; };
		E780A3CC16D29EA5000F0395 /* stop.png */ = {isa = PBXFileReference; lastKnownFileType = image.png; path = stop.png; sourceTree = "<group>"; };
		E780A3D416D29FAA000F0395 /* A320.bson */ = {isa = PBXFileReference; lastKnownFileType = file; path = A320.bson; sourceTree = "<group>"; };
		E780A3D516D29FAA000F0395 /* A320.json */ = {isa = PBXFileReference; fileEncoding = 4; lastKnownFileType = text.json; path = A320.json; sourceTree = "<group>"; };
		E780A3D716D29FAA000F0395 /* A320-NWA.png */ = {isa = PBXFileReference; lastKnownFileType = image.png; path = "A320-NWA.png"; sourceTree = "<group>"; };
		E780A3D816D29FAA000F0395 /* A321-House.png */ = {isa = PBXFileReference; lastKnownFileType = image.png; path = "A321-House.png"; sourceTree = "<group>"; };
		E780A3D916D29FAA000F0395 /* NWA.png */ = {isa = PBXFileReference; lastKnownFileType = image.png; path = NWA.png; sourceTree = "<group>"; };
		E7D1B60516D2436700AF47C1 /* G3MApp.app */ = {isa = PBXFileReference; explicitFileType = wrapper.application; includeInIndex = 0; path = G3MApp.app; sourceTree = BUILT_PRODUCTS_DIR; };
		E7D1B60816D2436700AF47C1 /* UIKit.framework */ = {isa = PBXFileReference; lastKnownFileType = wrapper.framework; name = UIKit.framework; path = System/Library/Frameworks/UIKit.framework; sourceTree = SDKROOT; };
		E7D1B60A16D2436700AF47C1 /* Foundation.framework */ = {isa = PBXFileReference; lastKnownFileType = wrapper.framework; name = Foundation.framework; path = System/Library/Frameworks/Foundation.framework; sourceTree = SDKROOT; };
		E7D1B60C16D2436700AF47C1 /* CoreGraphics.framework */ = {isa = PBXFileReference; lastKnownFileType = wrapper.framework; name = CoreGraphics.framework; path = System/Library/Frameworks/CoreGraphics.framework; sourceTree = SDKROOT; };
		E7D1B61016D2436700AF47C1 /* G3MApp-Info.plist */ = {isa = PBXFileReference; lastKnownFileType = text.plist.xml; path = "G3MApp-Info.plist"; sourceTree = "<group>"; };
		E7D1B61216D2436700AF47C1 /* en */ = {isa = PBXFileReference; lastKnownFileType = text.plist.strings; name = en; path = en.lproj/InfoPlist.strings; sourceTree = "<group>"; };
		E7D1B61416D2436700AF47C1 /* main.m */ = {isa = PBXFileReference; lastKnownFileType = sourcecode.c.objc; path = main.m; sourceTree = "<group>"; };
		E7D1B61616D2436700AF47C1 /* G3MApp-Prefix.pch */ = {isa = PBXFileReference; lastKnownFileType = sourcecode.c.h; path = "G3MApp-Prefix.pch"; sourceTree = "<group>"; };
		E7D1B61716D2436700AF47C1 /* G3MAppDelegate.h */ = {isa = PBXFileReference; lastKnownFileType = sourcecode.c.h; path = G3MAppDelegate.h; sourceTree = "<group>"; };
		E7D1B61816D2436700AF47C1 /* G3MAppDelegate.m */ = {isa = PBXFileReference; lastKnownFileType = sourcecode.c.objc; path = G3MAppDelegate.m; sourceTree = "<group>"; };
		E7D1B61A16D2436700AF47C1 /* Default.png */ = {isa = PBXFileReference; lastKnownFileType = image.png; path = Default.png; sourceTree = "<group>"; };
		E7D1B61C16D2436700AF47C1 /* Default@2x.png */ = {isa = PBXFileReference; lastKnownFileType = image.png; path = "Default@2x.png"; sourceTree = "<group>"; };
		E7D1B61E16D2436700AF47C1 /* Default-568h@2x.png */ = {isa = PBXFileReference; lastKnownFileType = image.png; path = "Default-568h@2x.png"; sourceTree = "<group>"; };
		E7D1B62616D2436700AF47C1 /* G3MViewController.h */ = {isa = PBXFileReference; lastKnownFileType = sourcecode.c.h; path = G3MViewController.h; sourceTree = "<group>"; };
		E7D1B62716D2436700AF47C1 /* G3MViewController.mm */ = {isa = PBXFileReference; lastKnownFileType = sourcecode.cpp.objcpp; lineEnding = 0; path = G3MViewController.mm; sourceTree = "<group>"; xcLanguageSpecificationIdentifier = xcode.lang.objcpp; };
		E7D1B62E16D2462B00AF47C1 /* Default-Landscape.png */ = {isa = PBXFileReference; lastKnownFileType = image.png; path = "Default-Landscape.png"; sourceTree = "<group>"; };
		E7D1B62F16D2462B00AF47C1 /* Default-Landscape@2x.png */ = {isa = PBXFileReference; lastKnownFileType = image.png; path = "Default-Landscape@2x.png"; sourceTree = "<group>"; };
		E7D1B63016D2462B00AF47C1 /* Default-Portrait.png */ = {isa = PBXFileReference; lastKnownFileType = image.png; path = "Default-Portrait.png"; sourceTree = "<group>"; };
		E7D1B63116D2462B00AF47C1 /* Default-Portrait@2x.png */ = {isa = PBXFileReference; lastKnownFileType = image.png; path = "Default-Portrait@2x.png"; sourceTree = "<group>"; };
		E7D1B63216D2462B00AF47C1 /* Icon-72.png */ = {isa = PBXFileReference; lastKnownFileType = image.png; path = "Icon-72.png"; sourceTree = "<group>"; };
		E7D1B63316D2462B00AF47C1 /* Icon-72@2x.png */ = {isa = PBXFileReference; lastKnownFileType = image.png; path = "Icon-72@2x.png"; sourceTree = "<group>"; };
		E7D1B63416D2462B00AF47C1 /* Icon-Small-50.png */ = {isa = PBXFileReference; lastKnownFileType = image.png; path = "Icon-Small-50.png"; sourceTree = "<group>"; };
		E7D1B63516D2462B00AF47C1 /* Icon-Small-50@2x.png */ = {isa = PBXFileReference; lastKnownFileType = image.png; path = "Icon-Small-50@2x.png"; sourceTree = "<group>"; };
		E7D1B63616D2462B00AF47C1 /* Icon-Small.png */ = {isa = PBXFileReference; lastKnownFileType = image.png; path = "Icon-Small.png"; sourceTree = "<group>"; };
		E7D1B63716D2462B00AF47C1 /* Icon-Small@2x.png */ = {isa = PBXFileReference; lastKnownFileType = image.png; path = "Icon-Small@2x.png"; sourceTree = "<group>"; };
		E7D1B63816D2462B00AF47C1 /* Icon.png */ = {isa = PBXFileReference; lastKnownFileType = image.png; path = Icon.png; sourceTree = "<group>"; };
		E7D1B63916D2462B00AF47C1 /* Icon@2x.png */ = {isa = PBXFileReference; lastKnownFileType = image.png; path = "Icon@2x.png"; sourceTree = "<group>"; };
		E7D1B63A16D2462B00AF47C1 /* iTunesArtwork */ = {isa = PBXFileReference; lastKnownFileType = file; path = iTunesArtwork; sourceTree = "<group>"; };
		E7D1B63B16D2462B00AF47C1 /* iTunesArtwork@2x */ = {isa = PBXFileReference; lastKnownFileType = file; path = "iTunesArtwork@2x"; sourceTree = "<group>"; };
		E7D1B64A16D24DE800AF47C1 /* G3MiOSSDK.xcodeproj */ = {isa = PBXFileReference; lastKnownFileType = "wrapper.pb-project"; name = G3MiOSSDK.xcodeproj; path = ../G3MiOSSDK/G3MiOSSDK.xcodeproj; sourceTree = "<group>"; };
		E7D1B65116D24E7300AF47C1 /* libsqlite3.dylib */ = {isa = PBXFileReference; lastKnownFileType = "compiled.mach-o.dylib"; name = libsqlite3.dylib; path = usr/lib/libsqlite3.dylib; sourceTree = SDKROOT; };
		E7D1B65316D24EE000AF47C1 /* CoreData.framework */ = {isa = PBXFileReference; lastKnownFileType = wrapper.framework; name = CoreData.framework; path = System/Library/Frameworks/CoreData.framework; sourceTree = SDKROOT; };
		E7D1B65516D24EE800AF47C1 /* OpenGLES.framework */ = {isa = PBXFileReference; lastKnownFileType = wrapper.framework; name = OpenGLES.framework; path = System/Library/Frameworks/OpenGLES.framework; sourceTree = SDKROOT; };
		E7D1B65716D24EEE00AF47C1 /* QuartzCore.framework */ = {isa = PBXFileReference; lastKnownFileType = wrapper.framework; name = QuartzCore.framework; path = System/Library/Frameworks/QuartzCore.framework; sourceTree = SDKROOT; };
		E7D1B7FD16D27C4300AF47C1 /* g3m-48.png */ = {isa = PBXFileReference; lastKnownFileType = image.png; path = "g3m-48.png"; sourceTree = "<group>"; };
		E7D1B7FE16D27C4300AF47C1 /* selector-background.png */ = {isa = PBXFileReference; lastKnownFileType = image.png; path = "selector-background.png"; sourceTree = "<group>"; };
/* End PBXFileReference section */

/* Begin PBXFrameworksBuildPhase section */
		E7D1B60216D2436700AF47C1 /* Frameworks */ = {
			isa = PBXFrameworksBuildPhase;
			buildActionMask = 2147483647;
			files = (
				CF162FE41AB739D700673D44 /* libz.dylib in Frameworks */,
				CF162FE21AB739C800673D44 /* SystemConfiguration.framework in Frameworks */,
				E7D1B65416D24EE000AF47C1 /* CoreData.framework in Frameworks */,
				CFB136D01AA779830013EDE1 /* CoreMotion.framework in Frameworks */,
				CFB136CE1AA7573D0013EDE1 /* CoreLocation.framework in Frameworks */,
				E7D1B60B16D2436700AF47C1 /* Foundation.framework in Frameworks */,
				CF162FDF1AB7396D00673D44 /* libGoogleAnalyticsServices.a in Frameworks */,
				CFF64D4518329FB7006ABFF6 /* Security.framework in Frameworks */,
				CFF64D4718329FC8006ABFF6 /* CFNetwork.framework in Frameworks */,
				CFF64D4918329FE6006ABFF6 /* libicucore.dylib in Frameworks */,
				E7D1B65216D24E7300AF47C1 /* libsqlite3.dylib in Frameworks */,
				E75321CB16D3DF6200CB3F8D /* libG3MiOSSDK.a in Frameworks */,
				E7D1B65816D24EEE00AF47C1 /* QuartzCore.framework in Frameworks */,
				E7D1B65616D24EE800AF47C1 /* OpenGLES.framework in Frameworks */,
				E7D1B60916D2436700AF47C1 /* UIKit.framework in Frameworks */,
				E7D1B60D16D2436700AF47C1 /* CoreGraphics.framework in Frameworks */,
			);
			runOnlyForDeploymentPostprocessing = 0;
		};
/* End PBXFrameworksBuildPhase section */

/* Begin PBXGroup section */
		CF162FD31AB7396D00673D44 /* GoogleAnalytics */ = {
			isa = PBXGroup;
			children = (
				CF162FD41AB7396D00673D44 /* GAI.h */,
				CF162FD51AB7396D00673D44 /* GAIDictionaryBuilder.h */,
				CF162FD61AB7396D00673D44 /* GAIEcommerceFields.h */,
				CF162FD71AB7396D00673D44 /* GAIEcommerceProduct.h */,
				CF162FD81AB7396D00673D44 /* GAIEcommerceProductAction.h */,
				CF162FD91AB7396D00673D44 /* GAIEcommercePromotion.h */,
				CF162FDA1AB7396D00673D44 /* GAIFields.h */,
				CF162FDB1AB7396D00673D44 /* GAILogger.h */,
				CF162FDC1AB7396D00673D44 /* GAITrackedViewController.h */,
				CF162FDD1AB7396D00673D44 /* GAITracker.h */,
				CF162FDE1AB7396D00673D44 /* libGoogleAnalyticsServices.a */,
			);
			path = GoogleAnalytics;
			sourceTree = "<group>";
		};
		CF6920AD1837E7EE007409D8 /* DemoBuilder */ = {
			isa = PBXGroup;
			children = (
				CF371AD11DA3EBCA006F2BC6 /* G3M3DLandDemoScene.cpp */,
				CF371AD21DA3EBCA006F2BC6 /* G3M3DLandDemoScene.hpp */,
				CFE3B3D3183AD04A0078C796 /* G3M3DModelDemoScene.cpp */,
				CFE3B3D4183AD04A0078C796 /* G3M3DModelDemoScene.hpp */,
				CFE3B3C9183ABAC70078C796 /* G3M3DSymbologyDemoScene.cpp */,
				CFE3B3CA183ABAC70078C796 /* G3M3DSymbologyDemoScene.hpp */,
				D87179091AE4FCCA00A9A14F /* G3MAnimatedMarksDemoScene.cpp */,
				D871790A1AE4FCCA00A9A14F /* G3MAnimatedMarksDemoScene.hpp */,
				CFB136CA1AA74FA00013EDE1 /* G3MAugmentedRealityDemoScene.hpp */,
				CFB136C91AA74FA00013EDE1 /* G3MAugmentedRealityDemoScene.mm */,
				CFE3B3DA183AD38D0078C796 /* G3MCameraDemoScene.cpp */,
				CFE3B3DB183AD38D0078C796 /* G3MCameraDemoScene.hpp */,
				CFC192D61A8D2E5F00FA89B3 /* G3MCanvas2DDemoScene.cpp */,
				CFC192D71A8D2E5F00FA89B3 /* G3MCanvas2DDemoScene.hpp */,
				CFB806E11837D4D300DB4B3B /* G3MDemoBuilder_iOS.hpp */,
				CFB806E01837D4D300DB4B3B /* G3MDemoBuilder_iOS.mm */,
				CF3F8FDD183526AE00589B4C /* G3MDemoBuilder.cpp */,
				CF3F8FDE183526AE00589B4C /* G3MDemoBuilder.hpp */,
				CF6920B818392D51007409D8 /* G3MDemoContext.cpp */,
				CF6920B918392D51007409D8 /* G3MDemoContext.hpp */,
				CF8B1A561837DC69004D3902 /* G3MDemoListener.cpp */,
				CF8B1A571837DC69004D3902 /* G3MDemoListener.hpp */,
				CF8B1A531837DBFA004D3902 /* G3MDemoModel.hpp */,
				CF8B1A521837DBFA004D3902 /* G3MDemoModel.mm */,
				CF6920AF1837EA35007409D8 /* G3MDemoScene.cpp */,
				CF6920B01837EA35007409D8 /* G3MDemoScene.hpp */,
				CF483EC31A2E5D5100B70D7E /* G3MHUDDemoScene.cpp */,
				CF483EC41A2E5D5100B70D7E /* G3MHUDDemoScene.hpp */,
				CFE3B3ED183C05F70078C796 /* G3MIsosurfaceDemoScene.cpp */,
				CFE3B3EE183C05F70078C796 /* G3MIsosurfaceDemoScene.hpp */,
				CFE3B3C5183A99070078C796 /* G3MMarksDemoScene.cpp */,
				CFE3B3C6183A99070078C796 /* G3MMarksDemoScene.hpp */,
				CFF9D2051A7C4903005429A6 /* G3MNonOverlappingMarksDemoScene.hpp */,
				CFF9D2041A7C4903005429A6 /* G3MNonOverlappingMarksDemoScene.mm */,
				CFE3B3CE183AC7D20078C796 /* G3MPointCloudDemoScene.cpp */,
				CFE3B3CF183AC7D20078C796 /* G3MPointCloudDemoScene.hpp */,
				CF6920B21837F1CA007409D8 /* G3MRasterLayersDemoScene.cpp */,
				CF6920B31837F1CA007409D8 /* G3MRasterLayersDemoScene.hpp */,
				CF37F5EC183D239A0050CAEF /* G3MScenarioDEMDemoScene.cpp */,
				CF37F5ED183D239A0050CAEF /* G3MScenarioDEMDemoScene.hpp */,
				D82CA3EF1C64D837008FAAD2 /* G3MStereoDemoScene.hpp */,
				D82CA3EE1C64D837008FAAD2 /* G3MStereoDemoScene.mm */,
				CFBD815019A3D9F600F1A8C4 /* G3MStreamingPointCloud1DemoScene.cpp */,
				CFBD815119A3D9F600F1A8C4 /* G3MStreamingPointCloud1DemoScene.hpp */,
				CFD3BE3B19D3324F00FE2D5A /* G3MStreamingPointCloud2DemoScene.cpp */,
				CFD3BE3C19D3324F00FE2D5A /* G3MStreamingPointCloud2DemoScene.hpp */,
				CFF30254192816250049BEF4 /* G3MTiledVectorDemoScene.cpp */,
				CFF30255192816250049BEF4 /* G3MTiledVectorDemoScene.hpp */,
				CF6920B51837F26B007409D8 /* G3MVectorialDemoScene.cpp */,
				CF6920B61837F26B007409D8 /* G3MVectorialDemoScene.hpp */,
				CFECA7751B6AAA2F00A0A44E /* G3MVectorStreaming1DemoScene.cpp */,
				CFECA7761B6AAA2F00A0A44E /* G3MVectorStreaming1DemoScene.hpp */,
				CFC664C81BC476B10062BAF5 /* G3MVectorStreaming2DemoScene.cpp */,
				CFC664C91BC476B10062BAF5 /* G3MVectorStreaming2DemoScene.hpp */,
			);
			name = DemoBuilder;
			sourceTree = "<group>";
		};
		E780A3D316D29FAA000F0395 /* 3DModels */ = {
			isa = PBXGroup;
			children = (
				E780A3D416D29FAA000F0395 /* A320.bson */,
				E780A3D516D29FAA000F0395 /* A320.json */,
				E780A3D616D29FAA000F0395 /* textures-A320 */,
			);
			path = 3DModels;
			sourceTree = "<group>";
		};
		E780A3D616D29FAA000F0395 /* textures-A320 */ = {
			isa = PBXGroup;
			children = (
				E780A3D716D29FAA000F0395 /* A320-NWA.png */,
				E780A3D816D29FAA000F0395 /* A321-House.png */,
				E780A3D916D29FAA000F0395 /* NWA.png */,
			);
			path = "textures-A320";
			sourceTree = "<group>";
		};
		E7D1B5FC16D2436700AF47C1 = {
			isa = PBXGroup;
			children = (
				E7D1B60E16D2436700AF47C1 /* G3MApp */,
				E7D1B60716D2436700AF47C1 /* Frameworks */,
				E7D1B60616D2436700AF47C1 /* Products */,
			);
			sourceTree = "<group>";
		};
		E7D1B60616D2436700AF47C1 /* Products */ = {
			isa = PBXGroup;
			children = (
				E7D1B60516D2436700AF47C1 /* G3MApp.app */,
			);
			name = Products;
			sourceTree = "<group>";
		};
		E7D1B60716D2436700AF47C1 /* Frameworks */ = {
			isa = PBXGroup;
			children = (
				CF162FE31AB739D700673D44 /* libz.dylib */,
				CF162FE11AB739C800673D44 /* SystemConfiguration.framework */,
				CFB136CF1AA779830013EDE1 /* CoreMotion.framework */,
				CFB136CD1AA7573D0013EDE1 /* CoreLocation.framework */,
				CFF64D4818329FE6006ABFF6 /* libicucore.dylib */,
				CFF64D4618329FC8006ABFF6 /* CFNetwork.framework */,
				CFF64D4418329FB7006ABFF6 /* Security.framework */,
				E7D1B64A16D24DE800AF47C1 /* G3MiOSSDK.xcodeproj */,
				E7D1B65316D24EE000AF47C1 /* CoreData.framework */,
				E7D1B60C16D2436700AF47C1 /* CoreGraphics.framework */,
				E7D1B60A16D2436700AF47C1 /* Foundation.framework */,
				E7D1B65116D24E7300AF47C1 /* libsqlite3.dylib */,
				E7D1B65516D24EE800AF47C1 /* OpenGLES.framework */,
				E7D1B65716D24EEE00AF47C1 /* QuartzCore.framework */,
				E7D1B60816D2436700AF47C1 /* UIKit.framework */,
			);
			name = Frameworks;
			sourceTree = "<group>";
		};
		E7D1B60E16D2436700AF47C1 /* G3MApp */ = {
			isa = PBXGroup;
			children = (
				CF162FD31AB7396D00673D44 /* GoogleAnalytics */,
				CF6920AD1837E7EE007409D8 /* DemoBuilder */,
				E7D1B61716D2436700AF47C1 /* G3MAppDelegate.h */,
				E7D1B61816D2436700AF47C1 /* G3MAppDelegate.m */,
				CF3F8FE81835867D00589B4C /* G3MSelectDemoSceneViewController.h */,
				CF3F8FE91835867D00589B4C /* G3MSelectDemoSceneViewController.mm */,
				CF6920CA1839679B007409D8 /* G3MSelectOptionViewController.h */,
				CF6920CB1839679B007409D8 /* G3MSelectOptionViewController.mm */,
				E7D1B62616D2436700AF47C1 /* G3MViewController.h */,
				E7D1B62716D2436700AF47C1 /* G3MViewController.mm */,
				CF3F8FE6183576AF00589B4C /* MainStoryboard-iPad.storyboard */,
				CF37F5F4183D355E0050CAEF /* MainStoryboard-iPhone.storyboard */,
				E7D1B7F116D2750400AF47C1 /* Resources */,
				E7D1B60F16D2436700AF47C1 /* Supporting Files */,
			);
			path = G3MApp;
			sourceTree = "<group>";
		};
		E7D1B60F16D2436700AF47C1 /* Supporting Files */ = {
			isa = PBXGroup;
			children = (
				E7D1B61E16D2436700AF47C1 /* Default-568h@2x.png */,
				E7D1B62E16D2462B00AF47C1 /* Default-Landscape.png */,
				E7D1B62F16D2462B00AF47C1 /* Default-Landscape@2x.png */,
				E7D1B63016D2462B00AF47C1 /* Default-Portrait.png */,
				E7D1B63116D2462B00AF47C1 /* Default-Portrait@2x.png */,
				E7D1B61A16D2436700AF47C1 /* Default.png */,
				E7D1B61C16D2436700AF47C1 /* Default@2x.png */,
				E7D1B61016D2436700AF47C1 /* G3MApp-Info.plist */,
				E7D1B61616D2436700AF47C1 /* G3MApp-Prefix.pch */,
				E7D1B63216D2462B00AF47C1 /* Icon-72.png */,
				E7D1B63316D2462B00AF47C1 /* Icon-72@2x.png */,
				E7D1B63416D2462B00AF47C1 /* Icon-Small-50.png */,
				E7D1B63516D2462B00AF47C1 /* Icon-Small-50@2x.png */,
				E7D1B63616D2462B00AF47C1 /* Icon-Small.png */,
				E7D1B63716D2462B00AF47C1 /* Icon-Small@2x.png */,
				E7D1B63816D2462B00AF47C1 /* Icon.png */,
				E7D1B63916D2462B00AF47C1 /* Icon@2x.png */,
				E7D1B61116D2436700AF47C1 /* InfoPlist.strings */,
				E7D1B63A16D2462B00AF47C1 /* iTunesArtwork */,
				E7D1B63B16D2462B00AF47C1 /* iTunesArtwork@2x */,
				E7D1B61416D2436700AF47C1 /* main.m */,
			);
			name = "Supporting Files";
			sourceTree = "<group>";
		};
		E7D1B64B16D24DE800AF47C1 /* Products */ = {
			isa = PBXGroup;
			children = (
				E7D1B64F16D24DE800AF47C1 /* libG3MiOSSDK.a */,
			);
			name = Products;
			sourceTree = "<group>";
		};
		E7D1B7F116D2750400AF47C1 /* Resources */ = {
			isa = PBXGroup;
			children = (
				CFFCD2C81AD2C748004C7112 /* BuenosAires-Wikipedia.json */,
				D871790F1AE501B100A9A14F /* pin.png */,
				D871790D1AE500B500A9A14F /* radar-sprite.png */,
				CFC192DA1A8D3A7C00FA89B3 /* colorgrid.jpg */,
				CFF9D20B1A7C5048005429A6 /* g3m-mark.png */,
				CFF9D2091A7C5014005429A6 /* anchorWidget.png */,
				CF483ECC1A2E62C400B70D7E /* widget-background.png */,
				CF483ECA1A2E62B600B70D7E /* altimeter-ruler-1536x113.png */,
				CF483EC81A2E62A100B70D7E /* CompassHeadings.png */,
				CF6E184B19D35ADD002B456A /* loudoun_4326_300.bil */,
				CF37F5F0183D26500050CAEF /* 0576.bil */,
				CFE3B3F1183C07C50078C796 /* isosurface-mesh.json */,
				CFE3B3E1183ADAB80078C796 /* arcdeTriomphe.bson */,
				CFE3B3DF183ADAAB0078C796 /* eifeltower.bson */,
				CFE3B3DD183ADAA00078C796 /* sphinx.bson */,
				CFE3B3D1183ACA580078C796 /* 18STJ7435_2000_4326.bson */,
				E780A3D316D29FAA000F0395 /* 3DModels */,
				CFE3B3D6183AD2CB0078C796 /* A320.bson */,
				CF6920C018394DB6007409D8 /* buildings_monaco.geojson */,
				CFC59BAB176F68DB002806D6 /* full-earth-2048x1024.bil */,
				E7D1B7FC16D27C4300AF47C1 /* Images */,
				CF6920C818394F56007409D8 /* restaurant-48x48.png */,
				CF6920C618394E44007409D8 /* restaurant-96x96.png */,
				CF6920C118394DB6007409D8 /* restaurants_monaco.geojson */,
				CF6920C218394DB6007409D8 /* roads_monaco.geojson */,
				CFE3B3D8183AD2D40078C796 /* textures-A320 */,
				CFE3B3CC183ABD8B0078C796 /* uscitieslite.geojson */,
			);
			path = Resources;
			sourceTree = "<group>";
		};
		E7D1B7FC16D27C4300AF47C1 /* Images */ = {
			isa = PBXGroup;
			children = (
				CFE3B3E7183ADB2D0078C796 /* texture0.jpg */,
				CFE3B3E8183ADB2D0078C796 /* texture0.png */,
				CFE3B3E9183ADB2D0078C796 /* planeDiffuse.png */,
				CFE3B3E3183ADAFF0078C796 /* arc */,
				CFE3B3E4183ADAFF0078C796 /* eifel */,
				E7D1B7FD16D27C4300AF47C1 /* g3m-48.png */,
				E780A3C716D29EA5000F0395 /* map-on-96x48.png */,
				E780A3C816D29EA5000F0395 /* marker-wikipedia-48x48.png */,
				E780A3C916D29EA5000F0395 /* marker-wikipedia-72x72.png */,
				E780A3CA16D29EA5000F0395 /* play.png */,
				E780A3CB16D29EA5000F0395 /* satellite-on-96x48.png */,
				E7D1B7FE16D27C4300AF47C1 /* selector-background.png */,
				E780A3CC16D29EA5000F0395 /* stop.png */,
			);
			path = Images;
			sourceTree = "<group>";
		};
/* End PBXGroup section */

/* Begin PBXNativeTarget section */
		E7D1B60416D2436700AF47C1 /* G3MApp */ = {
			isa = PBXNativeTarget;
			buildConfigurationList = E7D1B62B16D2436700AF47C1 /* Build configuration list for PBXNativeTarget "G3MApp" */;
			buildPhases = (
				E7D1B60116D2436700AF47C1 /* Sources */,
				E7D1B60216D2436700AF47C1 /* Frameworks */,
				E7D1B60316D2436700AF47C1 /* Resources */,
			);
			buildRules = (
			);
			dependencies = (
			);
			name = G3MApp;
			productName = G3MApp;
			productReference = E7D1B60516D2436700AF47C1 /* G3MApp.app */;
			productType = "com.apple.product-type.application";
		};
/* End PBXNativeTarget section */

/* Begin PBXProject section */
		E7D1B5FD16D2436700AF47C1 /* Project object */ = {
			isa = PBXProject;
			attributes = {
				CLASSPREFIX = G3M;
				LastUpgradeCheck = 0820;
				ORGANIZATIONNAME = "Igo Software SL";
				TargetAttributes = {
					E7D1B60416D2436700AF47C1 = {
						DevelopmentTeam = CTLLY45L74;
					};
				};
			};
			buildConfigurationList = E7D1B60016D2436700AF47C1 /* Build configuration list for PBXProject "G3MApp" */;
			compatibilityVersion = "Xcode 3.2";
			developmentRegion = English;
			hasScannedForEncodings = 0;
			knownRegions = (
				en,
			);
			mainGroup = E7D1B5FC16D2436700AF47C1;
			productRefGroup = E7D1B60616D2436700AF47C1 /* Products */;
			projectDirPath = "";
			projectReferences = (
				{
					ProductGroup = E7D1B64B16D24DE800AF47C1 /* Products */;
					ProjectRef = E7D1B64A16D24DE800AF47C1 /* G3MiOSSDK.xcodeproj */;
				},
			);
			projectRoot = "";
			targets = (
				E7D1B60416D2436700AF47C1 /* G3MApp */,
			);
		};
/* End PBXProject section */

/* Begin PBXReferenceProxy section */
		E7D1B64F16D24DE800AF47C1 /* libG3MiOSSDK.a */ = {
			isa = PBXReferenceProxy;
			fileType = archive.ar;
			path = libG3MiOSSDK.a;
			remoteRef = E7D1B64E16D24DE800AF47C1 /* PBXContainerItemProxy */;
			sourceTree = BUILT_PRODUCTS_DIR;
		};
/* End PBXReferenceProxy section */

/* Begin PBXResourcesBuildPhase section */
		E7D1B60316D2436700AF47C1 /* Resources */ = {
			isa = PBXResourcesBuildPhase;
			buildActionMask = 2147483647;
			files = (
				CFE3B3D2183ACAA90078C796 /* 18STJ7435_2000_4326.bson in Resources */,
				E7D1B61316D2436700AF47C1 /* InfoPlist.strings in Resources */,
				E7D1B61B16D2436700AF47C1 /* Default.png in Resources */,
				E7D1B61D16D2436700AF47C1 /* Default@2x.png in Resources */,
				E7D1B61F16D2436700AF47C1 /* Default-568h@2x.png in Resources */,
				CFE3B3F2183C07C50078C796 /* isosurface-mesh.json in Resources */,
				CFE3B3EA183ADB2D0078C796 /* texture0.jpg in Resources */,
				CFE3B3EC183ADB2D0078C796 /* planeDiffuse.png in Resources */,
				CF37F5F5183D355E0050CAEF /* MainStoryboard-iPhone.storyboard in Resources */,
				E7D1B63C16D2462B00AF47C1 /* Default-Landscape.png in Resources */,
				CFE3B3D7183AD2CB0078C796 /* A320.bson in Resources */,
				D87179101AE501B100A9A14F /* pin.png in Resources */,
				CF483EC91A2E62A100B70D7E /* CompassHeadings.png in Resources */,
				E7D1B63D16D2462B00AF47C1 /* Default-Landscape@2x.png in Resources */,
				E7D1B63E16D2462B00AF47C1 /* Default-Portrait.png in Resources */,
				CFE3B3E6183ADAFF0078C796 /* eifel in Resources */,
				E7D1B63F16D2462B00AF47C1 /* Default-Portrait@2x.png in Resources */,
				CF483ECB1A2E62B600B70D7E /* altimeter-ruler-1536x113.png in Resources */,
				CF483ECD1A2E62C400B70D7E /* widget-background.png in Resources */,
				CFE3B3DE183ADAA00078C796 /* sphinx.bson in Resources */,
				E7D1B64016D2462B00AF47C1 /* Icon-72.png in Resources */,
				E7D1B64116D2462B00AF47C1 /* Icon-72@2x.png in Resources */,
				CF6920C518394DB6007409D8 /* roads_monaco.geojson in Resources */,
				CFE3B3EB183ADB2D0078C796 /* texture0.png in Resources */,
				CF37F5F1183D26500050CAEF /* 0576.bil in Resources */,
				CF6E184C19D35ADD002B456A /* loudoun_4326_300.bil in Resources */,
				E7D1B64216D2462B00AF47C1 /* Icon-Small-50.png in Resources */,
				CF6920C418394DB6007409D8 /* restaurants_monaco.geojson in Resources */,
				E7D1B64316D2462B00AF47C1 /* Icon-Small-50@2x.png in Resources */,
				E7D1B64416D2462B00AF47C1 /* Icon-Small.png in Resources */,
				D871790E1AE500B500A9A14F /* radar-sprite.png in Resources */,
				CFC192DB1A8D3A7C00FA89B3 /* colorgrid.jpg in Resources */,
				E7D1B64516D2462B00AF47C1 /* Icon-Small@2x.png in Resources */,
				E7D1B64616D2462B00AF47C1 /* Icon.png in Resources */,
				CFE3B3E5183ADAFF0078C796 /* arc in Resources */,
				E7D1B64716D2462B00AF47C1 /* Icon@2x.png in Resources */,
				E7D1B64816D2462B00AF47C1 /* iTunesArtwork in Resources */,
				E7D1B64916D2462B00AF47C1 /* iTunesArtwork@2x in Resources */,
				E7D1B7FF16D27C4300AF47C1 /* g3m-48.png in Resources */,
				CFE3B3E0183ADAAB0078C796 /* eifeltower.bson in Resources */,
				E7D1B80016D27C4300AF47C1 /* selector-background.png in Resources */,
				CFE3B3E2183ADAB80078C796 /* arcdeTriomphe.bson in Resources */,
				E780A3CD16D29EA5000F0395 /* map-on-96x48.png in Resources */,
				E780A3CE16D29EA5000F0395 /* marker-wikipedia-48x48.png in Resources */,
				CFE3B3D9183AD2D40078C796 /* textures-A320 in Resources */,
				E780A3CF16D29EA5000F0395 /* marker-wikipedia-72x72.png in Resources */,
				E780A3D016D29EA5000F0395 /* play.png in Resources */,
				E780A3D116D29EA5000F0395 /* satellite-on-96x48.png in Resources */,
				CFF9D20A1A7C5014005429A6 /* anchorWidget.png in Resources */,
				E780A3D216D29EA5000F0395 /* stop.png in Resources */,
				CF6920C718394E44007409D8 /* restaurant-96x96.png in Resources */,
				CFE3B3CD183ABD8B0078C796 /* uscitieslite.geojson in Resources */,
				CFFCD2C91AD2C748004C7112 /* BuenosAires-Wikipedia.json in Resources */,
				E780A3DB16D29FAA000F0395 /* A320.json in Resources */,
				E780A3DC16D29FAA000F0395 /* A320-NWA.png in Resources */,
				CF6920C318394DB6007409D8 /* buildings_monaco.geojson in Resources */,
				CF6920C918394F56007409D8 /* restaurant-48x48.png in Resources */,
				E780A3DD16D29FAA000F0395 /* A321-House.png in Resources */,
				CF3F8FE7183576AF00589B4C /* MainStoryboard-iPad.storyboard in Resources */,
				E780A3DE16D29FAA000F0395 /* NWA.png in Resources */,
				CFC59BAC176F68DB002806D6 /* full-earth-2048x1024.bil in Resources */,
				CFF9D20C1A7C5048005429A6 /* g3m-mark.png in Resources */,
			);
			runOnlyForDeploymentPostprocessing = 0;
		};
/* End PBXResourcesBuildPhase section */

/* Begin PBXSourcesBuildPhase section */
		E7D1B60116D2436700AF47C1 /* Sources */ = {
			isa = PBXSourcesBuildPhase;
			buildActionMask = 2147483647;
			files = (
				E7D1B61516D2436700AF47C1 /* main.m in Sources */,
				CFE3B3C7183A99070078C796 /* G3MMarksDemoScene.cpp in Sources */,
				CFE3B3D5183AD04A0078C796 /* G3M3DModelDemoScene.cpp in Sources */,
				CFE3B3D0183AC7D20078C796 /* G3MPointCloudDemoScene.cpp in Sources */,
				E7D1B61916D2436700AF47C1 /* G3MAppDelegate.m in Sources */,
				CFF9D2061A7C4903005429A6 /* G3MNonOverlappingMarksDemoScene.mm in Sources */,
				E7D1B62816D2436700AF47C1 /* G3MViewController.mm in Sources */,
				CF6920B71837F26B007409D8 /* G3MVectorialDemoScene.cpp in Sources */,
				CF483EC51A2E5D5100B70D7E /* G3MHUDDemoScene.cpp in Sources */,
				CFD3BE3D19D3324F00FE2D5A /* G3MStreamingPointCloud2DemoScene.cpp in Sources */,
				CF3F8FDF183526AE00589B4C /* G3MDemoBuilder.cpp in Sources */,
				CFE3B3CB183ABAC70078C796 /* G3M3DSymbologyDemoScene.cpp in Sources */,
				CF37F5EE183D239A0050CAEF /* G3MScenarioDEMDemoScene.cpp in Sources */,
				CF6920B41837F1CA007409D8 /* G3MRasterLayersDemoScene.cpp in Sources */,
				CFF30256192816250049BEF4 /* G3MTiledVectorDemoScene.cpp in Sources */,
				CF3F8FEA1835867D00589B4C /* G3MSelectDemoSceneViewController.mm in Sources */,
				CFE3B3DC183AD38D0078C796 /* G3MCameraDemoScene.cpp in Sources */,
				CF6920CC1839679B007409D8 /* G3MSelectOptionViewController.mm in Sources */,
				CF6920B11837EA35007409D8 /* G3MDemoScene.cpp in Sources */,
				CFB806E21837D4D300DB4B3B /* G3MDemoBuilder_iOS.mm in Sources */,
				CFE3B3EF183C05F70078C796 /* G3MIsosurfaceDemoScene.cpp in Sources */,
				CFC192D81A8D2E5F00FA89B3 /* G3MCanvas2DDemoScene.cpp in Sources */,
				D82CA3F01C64D837008FAAD2 /* G3MStereoDemoScene.mm in Sources */,
				CFC664CA1BC476B10062BAF5 /* G3MVectorStreaming2DemoScene.cpp in Sources */,
				CFECA7771B6AAA2F00A0A44E /* G3MVectorStreaming1DemoScene.cpp in Sources */,
				CF8B1A541837DBFA004D3902 /* G3MDemoModel.mm in Sources */,
				CFBD815219A3D9F600F1A8C4 /* G3MStreamingPointCloud1DemoScene.cpp in Sources */,
				CF6920BA18392D51007409D8 /* G3MDemoContext.cpp in Sources */,
				D871790B1AE4FCCA00A9A14F /* G3MAnimatedMarksDemoScene.cpp in Sources */,
				CF8B1A581837DC69004D3902 /* G3MDemoListener.cpp in Sources */,
				CF371AD31DA3EBCA006F2BC6 /* G3M3DLandDemoScene.cpp in Sources */,
				CFB136CB1AA74FA00013EDE1 /* G3MAugmentedRealityDemoScene.mm in Sources */,
			);
			runOnlyForDeploymentPostprocessing = 0;
		};
/* End PBXSourcesBuildPhase section */

/* Begin PBXVariantGroup section */
		E7D1B61116D2436700AF47C1 /* InfoPlist.strings */ = {
			isa = PBXVariantGroup;
			children = (
				E7D1B61216D2436700AF47C1 /* en */,
			);
			name = InfoPlist.strings;
			sourceTree = "<group>";
		};
/* End PBXVariantGroup section */

/* Begin XCBuildConfiguration section */
		E7D1B62916D2436700AF47C1 /* Debug */ = {
			isa = XCBuildConfiguration;
			buildSettings = {
				ALWAYS_SEARCH_USER_PATHS = NO;
				CLANG_ADDRESS_SANITIZER_CONTAINER_OVERFLOW = YES;
				CLANG_CXX_LANGUAGE_STANDARD = "gnu++0x";
				CLANG_CXX_LIBRARY = "libstdc++";
				CLANG_ENABLE_OBJC_ARC = YES;
				CLANG_WARN_BOOL_CONVERSION = YES;
				CLANG_WARN_CONSTANT_CONVERSION = YES;
				CLANG_WARN_EMPTY_BODY = YES;
				CLANG_WARN_ENUM_CONVERSION = YES;
				CLANG_WARN_INFINITE_RECURSION = YES;
				CLANG_WARN_INT_CONVERSION = YES;
				CLANG_WARN_SUSPICIOUS_MOVE = YES;
				CLANG_WARN_UNREACHABLE_CODE = YES;
				CLANG_WARN__DUPLICATE_METHOD_MATCH = YES;
				CODE_SIGN_IDENTITY = "iPhone Distribution";
				"CODE_SIGN_IDENTITY[sdk=iphoneos*]" = "iPhone Distribution";
				COPY_PHASE_STRIP = NO;
				ENABLE_STRICT_OBJC_MSGSEND = YES;
				ENABLE_TESTABILITY = YES;
				GCC_C_LANGUAGE_STANDARD = gnu99;
				GCC_DYNAMIC_NO_PIC = NO;
				GCC_NO_COMMON_BLOCKS = YES;
				GCC_OPTIMIZATION_LEVEL = 0;
				GCC_PREPROCESSOR_DEFINITIONS = (
					"DEBUG=1",
					"$(inherited)",
				);
				GCC_SYMBOLS_PRIVATE_EXTERN = NO;
				GCC_WARN_64_TO_32_BIT_CONVERSION = YES;
				GCC_WARN_ABOUT_RETURN_TYPE = YES;
				GCC_WARN_PEDANTIC = NO;
				GCC_WARN_SHADOW = YES;
				GCC_WARN_UNDECLARED_SELECTOR = YES;
				GCC_WARN_UNINITIALIZED_AUTOS = YES;
				GCC_WARN_UNUSED_FUNCTION = YES;
				GCC_WARN_UNUSED_VARIABLE = YES;
				IPHONEOS_DEPLOYMENT_TARGET = 8.0;
				ONLY_ACTIVE_ARCH = YES;
				SDKROOT = iphoneos;
				TARGETED_DEVICE_FAMILY = "1,2";
			};
			name = Debug;
		};
		E7D1B62A16D2436700AF47C1 /* Release */ = {
			isa = XCBuildConfiguration;
			buildSettings = {
				ALWAYS_SEARCH_USER_PATHS = NO;
				CLANG_ADDRESS_SANITIZER_CONTAINER_OVERFLOW = YES;
				CLANG_CXX_LANGUAGE_STANDARD = "gnu++0x";
				CLANG_CXX_LIBRARY = "libstdc++";
				CLANG_ENABLE_OBJC_ARC = YES;
				CLANG_WARN_BOOL_CONVERSION = YES;
				CLANG_WARN_CONSTANT_CONVERSION = YES;
				CLANG_WARN_EMPTY_BODY = YES;
				CLANG_WARN_ENUM_CONVERSION = YES;
				CLANG_WARN_INFINITE_RECURSION = YES;
				CLANG_WARN_INT_CONVERSION = YES;
				CLANG_WARN_SUSPICIOUS_MOVE = YES;
				CLANG_WARN_UNREACHABLE_CODE = YES;
				CLANG_WARN__DUPLICATE_METHOD_MATCH = YES;
				CODE_SIGN_IDENTITY = "iPhone Distribution";
				"CODE_SIGN_IDENTITY[sdk=iphoneos*]" = "iPhone Distribution";
				COPY_PHASE_STRIP = YES;
				ENABLE_STRICT_OBJC_MSGSEND = YES;
				GCC_C_LANGUAGE_STANDARD = gnu99;
				GCC_NO_COMMON_BLOCKS = YES;
				GCC_WARN_64_TO_32_BIT_CONVERSION = YES;
				GCC_WARN_ABOUT_RETURN_TYPE = YES;
				GCC_WARN_PEDANTIC = NO;
				GCC_WARN_SHADOW = YES;
				GCC_WARN_UNDECLARED_SELECTOR = YES;
				GCC_WARN_UNINITIALIZED_AUTOS = YES;
				GCC_WARN_UNUSED_FUNCTION = YES;
				GCC_WARN_UNUSED_VARIABLE = YES;
				IPHONEOS_DEPLOYMENT_TARGET = 8.0;
				OTHER_CFLAGS = "-DNS_BLOCK_ASSERTIONS=1";
				SDKROOT = iphoneos;
				TARGETED_DEVICE_FAMILY = "1,2";
				VALIDATE_PRODUCT = YES;
			};
			name = Release;
		};
		E7D1B62C16D2436700AF47C1 /* Debug */ = {
			isa = XCBuildConfiguration;
			buildSettings = {
				CLANG_CXX_LANGUAGE_STANDARD = "compiler-default";
				CLANG_CXX_LIBRARY = "libstdc++";
				CODE_SIGN_IDENTITY = "iPhone Developer";
				"CODE_SIGN_IDENTITY[sdk=iphoneos*]" = "iPhone Developer";
				DEVELOPMENT_TEAM = CTLLY45L74;
				ENABLE_BITCODE = NO;
				GCC_PRECOMPILE_PREFIX_HEADER = YES;
				GCC_PREFIX_HEADER = "G3MApp/G3MApp-Prefix.pch";
				GCC_PREPROCESSOR_DEFINITIONS = (
					C_CODE,
					"$(inherited)",
				);
				INFOPLIST_FILE = "G3MApp/G3MApp-Info.plist";
				IPHONEOS_DEPLOYMENT_TARGET = 8.0;
				LIBRARY_SEARCH_PATHS = (
					"$(inherited)",
					"$(PROJECT_DIR)/G3MApp/GoogleAnalytics",
				);
				OTHER_LDFLAGS = (
					"-ObjC",
					"-lstdc++",
				);
				PRODUCT_BUNDLE_IDENTIFIER = "com.glob3mobile.${PRODUCT_NAME:rfc1034identifier}";
				PRODUCT_NAME = "$(TARGET_NAME)";
				PROVISIONING_PROFILE = "";
				"PROVISIONING_PROFILE[sdk=iphoneos*]" = "";
				TARGETED_DEVICE_FAMILY = "1,2";
				WRAPPER_EXTENSION = app;
			};
			name = Debug;
		};
		E7D1B62D16D2436700AF47C1 /* Release */ = {
			isa = XCBuildConfiguration;
			buildSettings = {
				CLANG_CXX_LANGUAGE_STANDARD = "compiler-default";
				CLANG_CXX_LIBRARY = "libstdc++";
				CODE_SIGN_IDENTITY = "iPhone Developer";
				"CODE_SIGN_IDENTITY[sdk=iphoneos*]" = "iPhone Developer";
				DEVELOPMENT_TEAM = CTLLY45L74;
				ENABLE_BITCODE = NO;
				GCC_PRECOMPILE_PREFIX_HEADER = YES;
				GCC_PREFIX_HEADER = "G3MApp/G3MApp-Prefix.pch";
				"GCC_PREPROCESSOR_DEFINITIONS[arch=*]" = C_CODE;
				INFOPLIST_FILE = "G3MApp/G3MApp-Info.plist";
				IPHONEOS_DEPLOYMENT_TARGET = 8.0;
				LIBRARY_SEARCH_PATHS = (
					"$(inherited)",
					"$(PROJECT_DIR)/G3MApp/GoogleAnalytics",
				);
				OTHER_LDFLAGS = (
					"-ObjC",
					"-lstdc++",
				);
				PRODUCT_BUNDLE_IDENTIFIER = "com.glob3mobile.${PRODUCT_NAME:rfc1034identifier}";
				PRODUCT_NAME = "$(TARGET_NAME)";
				PROVISIONING_PROFILE = "";
				"PROVISIONING_PROFILE[sdk=iphoneos*]" = "";
				TARGETED_DEVICE_FAMILY = "1,2";
				WRAPPER_EXTENSION = app;
			};
			name = Release;
		};
/* End XCBuildConfiguration section */

/* Begin XCConfigurationList section */
		E7D1B60016D2436700AF47C1 /* Build configuration list for PBXProject "G3MApp" */ = {
			isa = XCConfigurationList;
			buildConfigurations = (
				E7D1B62916D2436700AF47C1 /* Debug */,
				E7D1B62A16D2436700AF47C1 /* Release */,
			);
			defaultConfigurationIsVisible = 0;
			defaultConfigurationName = Release;
		};
		E7D1B62B16D2436700AF47C1 /* Build configuration list for PBXNativeTarget "G3MApp" */ = {
			isa = XCConfigurationList;
			buildConfigurations = (
				E7D1B62C16D2436700AF47C1 /* Debug */,
				E7D1B62D16D2436700AF47C1 /* Release */,
			);
			defaultConfigurationIsVisible = 0;
			defaultConfigurationName = Release;
		};
/* End XCConfigurationList section */
	};
	rootObject = E7D1B5FD16D2436700AF47C1 /* Project object */;
}
