// !$*UTF8*$!
{
	archiveVersion = 1;
	classes = {
	};
	objectVersion = 46;
	objects = {

/* Begin PBXBuildFile section */
		443BBC8315A5C22000EAE280 /* CoreData.framework in Frameworks */ = {isa = PBXBuildFile; fileRef = 443BBC8215A5C21F00EAE280 /* CoreData.framework */; };
		44EEB5E0159B2B8B0086F243 /* libsqlite3.dylib in Frameworks */ = {isa = PBXBuildFile; fileRef = 44EEB5DF159B2B8B0086F243 /* libsqlite3.dylib */; };
		CF4027E71770E8F100D5A80C /* libicucore.dylib in Frameworks */ = {isa = PBXBuildFile; fileRef = CF4027E61770E8F100D5A80C /* libicucore.dylib */; };
		CF4027E91770E8F900D5A80C /* CFNetwork.framework in Frameworks */ = {isa = PBXBuildFile; fileRef = CF4027E81770E8F900D5A80C /* CFNetwork.framework */; };
		CF4027EB1770E90000D5A80C /* Security.framework in Frameworks */ = {isa = PBXBuildFile; fileRef = CF4027EA1770E90000D5A80C /* Security.framework */; };
		D80D57311BBAA1F400BA4762 /* Images.xcassets in Resources */ = {isa = PBXBuildFile; fileRef = D80D57301BBAA1F400BA4762 /* Images.xcassets */; };
		D82D00501CF4ACB20038C6FB /* k_s in Resources */ = {isa = PBXBuildFile; fileRef = D82D004F1CF4ACB20038C6FB /* k_s */; };
		D86F55921CD9E75700A724F8 /* CameraViewController.m in Sources */ = {isa = PBXBuildFile; fileRef = D86F55911CD9E75700A724F8 /* CameraViewController.m */; };
		D880482B1D3D068E001E8249 /* plane_off.png in Resources */ = {isa = PBXBuildFile; fileRef = D88048291D3D068E001E8249 /* plane_off.png */; };
		D880482C1D3D068E001E8249 /* plane_on.png in Resources */ = {isa = PBXBuildFile; fileRef = D880482A1D3D068E001E8249 /* plane_on.png */; };
		D88F1F0D1CC6298B005866FA /* SolarRadiation.geojson in Resources */ = {isa = PBXBuildFile; fileRef = D88F1F0C1CC6298B005866FA /* SolarRadiation.geojson */; };
		D88F1F101CC65390005866FA /* up.png in Resources */ = {isa = PBXBuildFile; fileRef = D88F1F0F1CC65390005866FA /* up.png */; };
		D88F1F121CC65B18005866FA /* down.png in Resources */ = {isa = PBXBuildFile; fileRef = D88F1F111CC65B18005866FA /* down.png */; };
		D8BA7B011CE0B834003754DE /* SR_24h.csv in Resources */ = {isa = PBXBuildFile; fileRef = D8BA7AFF1CE0B834003754DE /* SR_24h.csv */; };
		D8D0DF3D1CE3300100B5B6D3 /* technologiepark_WGS84.gml in Resources */ = {isa = PBXBuildFile; fileRef = D8D0DF3C1CE3300100B5B6D3 /* technologiepark_WGS84.gml */; };
		D8DF55861CC4C73E00D7D084 /* libxml2.2.tbd in Frameworks */ = {isa = PBXBuildFile; fileRef = D8DF55851CC4C73E00D7D084 /* libxml2.2.tbd */; };
		D8DF55881CC4C74B00D7D084 /* libxml2.tbd in Frameworks */ = {isa = PBXBuildFile; fileRef = D8DF55871CC4C74B00D7D084 /* libxml2.tbd */; };
		D8DF558A1CC4C8FC00D7D084 /* CoreMotion.framework in Frameworks */ = {isa = PBXBuildFile; fileRef = D8DF55891CC4C8FC00D7D084 /* CoreMotion.framework */; };
		D8DF558C1CC4C90900D7D084 /* CoreLocation.framework in Frameworks */ = {isa = PBXBuildFile; fileRef = D8DF558B1CC4C90900D7D084 /* CoreLocation.framework */; };
		D8DF558F1CC4D4D100D7D084 /* EIFER Resources in Resources */ = {isa = PBXBuildFile; fileRef = D8DF558E1CC4D4D100D7D084 /* EIFER Resources */; };
		D8DF55C91CC4D9C300D7D084 /* bulach_4326_lod2.gml in Resources */ = {isa = PBXBuildFile; fileRef = D8DF55B61CC4D9C300D7D084 /* bulach_4326_lod2.gml */; };
		D8DF55CA1CC4D9C300D7D084 /* daxlanden_4326_lod2.gml in Resources */ = {isa = PBXBuildFile; fileRef = D8DF55B71CC4D9C300D7D084 /* daxlanden_4326_lod2.gml */; };
		D8DF55CB1CC4D9C300D7D084 /* durlach_4326_lod2_PART_1.gml in Resources */ = {isa = PBXBuildFile; fileRef = D8DF55B81CC4D9C300D7D084 /* durlach_4326_lod2_PART_1.gml */; };
		D8DF55CC1CC4D9C300D7D084 /* durlach_4326_lod2_PART_2.gml in Resources */ = {isa = PBXBuildFile; fileRef = D8DF55B91CC4D9C300D7D084 /* durlach_4326_lod2_PART_2.gml */; };
		D8DF55CD1CC4D9C300D7D084 /* durlach_4326_lod2.gml in Resources */ = {isa = PBXBuildFile; fileRef = D8DF55BA1CC4D9C300D7D084 /* durlach_4326_lod2.gml */; };
		D8DF55CE1CC4D9C300D7D084 /* eifer_logo.png in Resources */ = {isa = PBXBuildFile; fileRef = D8DF55BB1CC4D9C300D7D084 /* eifer_logo.png */; };
		D8DF55CF1CC4D9C300D7D084 /* hagsfeld_4326_lod2.gml in Resources */ = {isa = PBXBuildFile; fileRef = D8DF55BC1CC4D9C300D7D084 /* hagsfeld_4326_lod2.gml */; };
		D8DF55D01CC4D9C300D7D084 /* hohenwettersbach_4326_lod2.gml in Resources */ = {isa = PBXBuildFile; fileRef = D8DF55BD1CC4D9C300D7D084 /* hohenwettersbach_4326_lod2.gml */; };
		D8DF55D11CC4D9C300D7D084 /* innenstadt_ost_4326_lod2.gml in Resources */ = {isa = PBXBuildFile; fileRef = D8DF55BE1CC4D9C300D7D084 /* innenstadt_ost_4326_lod2.gml */; };
		D8DF55D21CC4D9C300D7D084 /* innenstadt_west_4326_lod2.gml in Resources */ = {isa = PBXBuildFile; fileRef = D8DF55BF1CC4D9C300D7D084 /* innenstadt_west_4326_lod2.gml */; };
		D8DF55D31CC4D9C300D7D084 /* Innenstadt_west_all_data.geojson in Resources */ = {isa = PBXBuildFile; fileRef = D8DF55C01CC4D9C300D7D084 /* Innenstadt_west_all_data.geojson */; };
		D8DF55D41CC4D9C300D7D084 /* ka_31467.bil in Resources */ = {isa = PBXBuildFile; fileRef = D8DF55C11CC4D9C300D7D084 /* ka_31467.bil */; };
		D8DF55D51CC4D9C300D7D084 /* karlsruhe_data.geojson in Resources */ = {isa = PBXBuildFile; fileRef = D8DF55C21CC4D9C300D7D084 /* karlsruhe_data.geojson */; };
		D8DF55D61CC4D9C300D7D084 /* knielingen_4326_lod2_PART_1.gml in Resources */ = {isa = PBXBuildFile; fileRef = D8DF55C31CC4D9C300D7D084 /* knielingen_4326_lod2_PART_1.gml */; };
		D8DF55D71CC4D9C300D7D084 /* knielingen_4326_lod2_PART_2.gml in Resources */ = {isa = PBXBuildFile; fileRef = D8DF55C41CC4D9C300D7D084 /* knielingen_4326_lod2_PART_2.gml */; };
		D8DF55D81CC4D9C300D7D084 /* knielingen_4326_lod2_PART_3.gml in Resources */ = {isa = PBXBuildFile; fileRef = D8DF55C51CC4D9C300D7D084 /* knielingen_4326_lod2_PART_3.gml */; };
		D8DF55D91CC4D9C300D7D084 /* knielingen_4326_lod2.gml in Resources */ = {isa = PBXBuildFile; fileRef = D8DF55C61CC4D9C300D7D084 /* knielingen_4326_lod2.gml */; };
		D8DF55DA1CC4D9C300D7D084 /* random_cluster_fewer_points.geojson in Resources */ = {isa = PBXBuildFile; fileRef = D8DF55C71CC4D9C300D7D084 /* random_cluster_fewer_points.geojson */; };
		D8DF55DB1CC4D9C300D7D084 /* random_cluster.geojson in Resources */ = {isa = PBXBuildFile; fileRef = D8DF55C81CC4D9C300D7D084 /* random_cluster.geojson */; };
		D8EA744E1CC7884D007464C8 /* ulpgc_logo.jpg in Resources */ = {isa = PBXBuildFile; fileRef = D8EA744D1CC7884D007464C8 /* ulpgc_logo.jpg */; };
		D8EA74501CC78ACB007464C8 /* ulpgc_logo.png in Resources */ = {isa = PBXBuildFile; fileRef = D8EA744F1CC78ACB007464C8 /* ulpgc_logo.png */; };
		D8EEF38B1577920B003FEB5E /* UIKit.framework in Frameworks */ = {isa = PBXBuildFile; fileRef = D8EEF38A1577920B003FEB5E /* UIKit.framework */; };
		D8EEF38D1577920B003FEB5E /* Foundation.framework in Frameworks */ = {isa = PBXBuildFile; fileRef = D8EEF38C1577920B003FEB5E /* Foundation.framework */; };
		D8EEF38F1577920B003FEB5E /* CoreGraphics.framework in Frameworks */ = {isa = PBXBuildFile; fileRef = D8EEF38E1577920B003FEB5E /* CoreGraphics.framework */; };
		D8EEF3951577920B003FEB5E /* InfoPlist.strings in Resources */ = {isa = PBXBuildFile; fileRef = D8EEF3931577920B003FEB5E /* InfoPlist.strings */; };
		D8EEF3971577920B003FEB5E /* main.m in Sources */ = {isa = PBXBuildFile; fileRef = D8EEF3961577920B003FEB5E /* main.m */; };
		D8EEF39B1577920B003FEB5E /* AppDelegate.m in Sources */ = {isa = PBXBuildFile; fileRef = D8EEF39A1577920B003FEB5E /* AppDelegate.m */; };
		D8EEF39E1577920B003FEB5E /* MainStoryboard_iPhone.storyboard in Resources */ = {isa = PBXBuildFile; fileRef = D8EEF39C1577920B003FEB5E /* MainStoryboard_iPhone.storyboard */; };
		D8EEF3A41577920B003FEB5E /* ViewController.mm in Sources */ = {isa = PBXBuildFile; fileRef = D8EEF3A31577920B003FEB5E /* ViewController.mm */; };
		D8EEF40F1577AA61003FEB5E /* OpenGLES.framework in Frameworks */ = {isa = PBXBuildFile; fileRef = D8EEF40E1577AA61003FEB5E /* OpenGLES.framework */; };
		D8EEF4111577AAE2003FEB5E /* QuartzCore.framework in Frameworks */ = {isa = PBXBuildFile; fileRef = D8EEF4101577AAE2003FEB5E /* QuartzCore.framework */; };
		D8EEF4221577AEE0003FEB5E /* libG3MiOSSDK.a in Frameworks */ = {isa = PBXBuildFile; fileRef = D8EEF41E1577AEC8003FEB5E /* libG3MiOSSDK.a */; };
		E71B15371626D27F003D1013 /* Default-Landscape.png in Resources */ = {isa = PBXBuildFile; fileRef = E71B152C1626D27F003D1013 /* Default-Landscape.png */; };
		E71B15381626D27F003D1013 /* Default-Landscape@2x.png in Resources */ = {isa = PBXBuildFile; fileRef = E71B152D1626D27F003D1013 /* Default-Landscape@2x.png */; };
		E71B15391626D27F003D1013 /* Default-Portrait.png in Resources */ = {isa = PBXBuildFile; fileRef = E71B152E1626D27F003D1013 /* Default-Portrait.png */; };
		E71B153A1626D27F003D1013 /* Default-Portrait@2x.png in Resources */ = {isa = PBXBuildFile; fileRef = E71B152F1626D27F003D1013 /* Default-Portrait@2x.png */; };
		E71B153B1626D27F003D1013 /* Icon-72.png in Resources */ = {isa = PBXBuildFile; fileRef = E71B15301626D27F003D1013 /* Icon-72.png */; };
		E71B153C1626D27F003D1013 /* Icon-72@2x.png in Resources */ = {isa = PBXBuildFile; fileRef = E71B15311626D27F003D1013 /* Icon-72@2x.png */; };
		E71B153D1626D27F003D1013 /* Icon-Small-50.png in Resources */ = {isa = PBXBuildFile; fileRef = E71B15321626D27F003D1013 /* Icon-Small-50.png */; };
		E71B153E1626D27F003D1013 /* Icon-Small.png in Resources */ = {isa = PBXBuildFile; fileRef = E71B15331626D27F003D1013 /* Icon-Small.png */; };
		E71B153F1626D27F003D1013 /* Icon-Small@2x.png in Resources */ = {isa = PBXBuildFile; fileRef = E71B15341626D27F003D1013 /* Icon-Small@2x.png */; };
		E71B15401626D27F003D1013 /* Icon.png in Resources */ = {isa = PBXBuildFile; fileRef = E71B15351626D27F003D1013 /* Icon.png */; };
		E71B15411626D27F003D1013 /* Icon@2x.png in Resources */ = {isa = PBXBuildFile; fileRef = E71B15361626D27F003D1013 /* Icon@2x.png */; };
/* End PBXBuildFile section */

/* Begin PBXContainerItemProxy section */
		D8EEF41D1577AEC8003FEB5E /* PBXContainerItemProxy */ = {
			isa = PBXContainerItemProxy;
			containerPortal = D8EEF4161577AEC8003FEB5E /* G3MiOSSDK.xcodeproj */;
			proxyType = 2;
			remoteGlobalIDString = D8EEF3B51577924D003FEB5E;
			remoteInfo = G3MiOSSDK;
		};
		D8EEF4201577AEDC003FEB5E /* PBXContainerItemProxy */ = {
			isa = PBXContainerItemProxy;
			containerPortal = D8EEF4161577AEC8003FEB5E /* G3MiOSSDK.xcodeproj */;
			proxyType = 1;
			remoteGlobalIDString = D8EEF3B41577924D003FEB5E;
			remoteInfo = G3MiOSSDK;
		};
/* End PBXContainerItemProxy section */

/* Begin PBXFileReference section */
		443BBC8215A5C21F00EAE280 /* CoreData.framework */ = {isa = PBXFileReference; lastKnownFileType = wrapper.framework; name = CoreData.framework; path = System/Library/Frameworks/CoreData.framework; sourceTree = SDKROOT; };
		44EEB5DF159B2B8B0086F243 /* libsqlite3.dylib */ = {isa = PBXFileReference; lastKnownFileType = "compiled.mach-o.dylib"; name = libsqlite3.dylib; path = usr/lib/libsqlite3.dylib; sourceTree = SDKROOT; };
		CF4027E61770E8F100D5A80C /* libicucore.dylib */ = {isa = PBXFileReference; lastKnownFileType = "compiled.mach-o.dylib"; name = libicucore.dylib; path = usr/lib/libicucore.dylib; sourceTree = SDKROOT; };
		CF4027E81770E8F900D5A80C /* CFNetwork.framework */ = {isa = PBXFileReference; lastKnownFileType = wrapper.framework; name = CFNetwork.framework; path = System/Library/Frameworks/CFNetwork.framework; sourceTree = SDKROOT; };
		CF4027EA1770E90000D5A80C /* Security.framework */ = {isa = PBXFileReference; lastKnownFileType = wrapper.framework; name = Security.framework; path = System/Library/Frameworks/Security.framework; sourceTree = SDKROOT; };
		CFCCFE0C16F506C20082F383 /* GLKit.framework */ = {isa = PBXFileReference; lastKnownFileType = wrapper.framework; name = GLKit.framework; path = System/Library/Frameworks/GLKit.framework; sourceTree = SDKROOT; };
		D80D57301BBAA1F400BA4762 /* Images.xcassets */ = {isa = PBXFileReference; lastKnownFileType = folder.assetcatalog; name = Images.xcassets; path = G3MiOSDemo/Images.xcassets; sourceTree = SOURCE_ROOT; };
		D82D004F1CF4ACB20038C6FB /* k_s */ = {isa = PBXFileReference; lastKnownFileType = folder; path = k_s; sourceTree = "<group>"; };
		D86F55901CD9E75700A724F8 /* CameraViewController.h */ = {isa = PBXFileReference; fileEncoding = 4; lastKnownFileType = sourcecode.c.h; path = CameraViewController.h; sourceTree = "<group>"; };
		D86F55911CD9E75700A724F8 /* CameraViewController.m */ = {isa = PBXFileReference; fileEncoding = 4; lastKnownFileType = sourcecode.c.objc; path = CameraViewController.m; sourceTree = "<group>"; };
		D88048291D3D068E001E8249 /* plane_off.png */ = {isa = PBXFileReference; lastKnownFileType = image.png; path = plane_off.png; sourceTree = "<group>"; };
		D880482A1D3D068E001E8249 /* plane_on.png */ = {isa = PBXFileReference; lastKnownFileType = image.png; path = plane_on.png; sourceTree = "<group>"; };
		D88F1F0C1CC6298B005866FA /* SolarRadiation.geojson */ = {isa = PBXFileReference; fileEncoding = 4; lastKnownFileType = text; path = SolarRadiation.geojson; sourceTree = "<group>"; };
		D88F1F0F1CC65390005866FA /* up.png */ = {isa = PBXFileReference; lastKnownFileType = image.png; path = up.png; sourceTree = "<group>"; };
		D88F1F111CC65B18005866FA /* down.png */ = {isa = PBXFileReference; lastKnownFileType = image.png; path = down.png; sourceTree = "<group>"; };
		D8BA7AFF1CE0B834003754DE /* SR_24h.csv */ = {isa = PBXFileReference; fileEncoding = 4; lastKnownFileType = text; name = SR_24h.csv; path = "EIFER Resources/SR_24h.csv"; sourceTree = "<group>"; };
		D8D0DF3C1CE3300100B5B6D3 /* technologiepark_WGS84.gml */ = {isa = PBXFileReference; fileEncoding = 4; lastKnownFileType = text.xml; name = technologiepark_WGS84.gml; path = "EIFER Resources/technologiepark_WGS84.gml"; sourceTree = "<group>"; };
		D8DF55851CC4C73E00D7D084 /* libxml2.2.tbd */ = {isa = PBXFileReference; lastKnownFileType = "sourcecode.text-based-dylib-definition"; name = libxml2.2.tbd; path = usr/lib/libxml2.2.tbd; sourceTree = SDKROOT; };
		D8DF55871CC4C74B00D7D084 /* libxml2.tbd */ = {isa = PBXFileReference; lastKnownFileType = "sourcecode.text-based-dylib-definition"; name = libxml2.tbd; path = usr/lib/libxml2.tbd; sourceTree = SDKROOT; };
		D8DF55891CC4C8FC00D7D084 /* CoreMotion.framework */ = {isa = PBXFileReference; lastKnownFileType = wrapper.framework; name = CoreMotion.framework; path = System/Library/Frameworks/CoreMotion.framework; sourceTree = SDKROOT; };
		D8DF558B1CC4C90900D7D084 /* CoreLocation.framework */ = {isa = PBXFileReference; lastKnownFileType = wrapper.framework; name = CoreLocation.framework; path = System/Library/Frameworks/CoreLocation.framework; sourceTree = SDKROOT; };
		D8DF558E1CC4D4D100D7D084 /* EIFER Resources */ = {isa = PBXFileReference; lastKnownFileType = folder; path = "EIFER Resources"; sourceTree = "<group>"; };
		D8DF55B61CC4D9C300D7D084 /* bulach_4326_lod2.gml */ = {isa = PBXFileReference; fileEncoding = 4; lastKnownFileType = text.xml; name = bulach_4326_lod2.gml; path = "EIFER Resources/bulach_4326_lod2.gml"; sourceTree = "<group>"; };
		D8DF55B71CC4D9C300D7D084 /* daxlanden_4326_lod2.gml */ = {isa = PBXFileReference; fileEncoding = 4; lastKnownFileType = text.xml; name = daxlanden_4326_lod2.gml; path = "EIFER Resources/daxlanden_4326_lod2.gml"; sourceTree = "<group>"; };
		D8DF55B81CC4D9C300D7D084 /* durlach_4326_lod2_PART_1.gml */ = {isa = PBXFileReference; fileEncoding = 4; lastKnownFileType = text.xml; name = durlach_4326_lod2_PART_1.gml; path = "EIFER Resources/durlach_4326_lod2_PART_1.gml"; sourceTree = "<group>"; };
		D8DF55B91CC4D9C300D7D084 /* durlach_4326_lod2_PART_2.gml */ = {isa = PBXFileReference; fileEncoding = 4; lastKnownFileType = text.xml; name = durlach_4326_lod2_PART_2.gml; path = "EIFER Resources/durlach_4326_lod2_PART_2.gml"; sourceTree = "<group>"; };
		D8DF55BA1CC4D9C300D7D084 /* durlach_4326_lod2.gml */ = {isa = PBXFileReference; fileEncoding = 4; lastKnownFileType = text.xml; name = durlach_4326_lod2.gml; path = "EIFER Resources/durlach_4326_lod2.gml"; sourceTree = "<group>"; };
		D8DF55BB1CC4D9C300D7D084 /* eifer_logo.png */ = {isa = PBXFileReference; lastKnownFileType = image.png; name = eifer_logo.png; path = "EIFER Resources/eifer_logo.png"; sourceTree = "<group>"; };
		D8DF55BC1CC4D9C300D7D084 /* hagsfeld_4326_lod2.gml */ = {isa = PBXFileReference; fileEncoding = 4; lastKnownFileType = text.xml; name = hagsfeld_4326_lod2.gml; path = "EIFER Resources/hagsfeld_4326_lod2.gml"; sourceTree = "<group>"; };
		D8DF55BD1CC4D9C300D7D084 /* hohenwettersbach_4326_lod2.gml */ = {isa = PBXFileReference; fileEncoding = 4; lastKnownFileType = text.xml; name = hohenwettersbach_4326_lod2.gml; path = "EIFER Resources/hohenwettersbach_4326_lod2.gml"; sourceTree = "<group>"; };
		D8DF55BE1CC4D9C300D7D084 /* innenstadt_ost_4326_lod2.gml */ = {isa = PBXFileReference; fileEncoding = 4; lastKnownFileType = text.xml; name = innenstadt_ost_4326_lod2.gml; path = "EIFER Resources/innenstadt_ost_4326_lod2.gml"; sourceTree = "<group>"; };
		D8DF55BF1CC4D9C300D7D084 /* innenstadt_west_4326_lod2.gml */ = {isa = PBXFileReference; fileEncoding = 4; lastKnownFileType = text.xml; name = innenstadt_west_4326_lod2.gml; path = "EIFER Resources/innenstadt_west_4326_lod2.gml"; sourceTree = "<group>"; };
		D8DF55C01CC4D9C300D7D084 /* Innenstadt_west_all_data.geojson */ = {isa = PBXFileReference; fileEncoding = 4; lastKnownFileType = text; name = Innenstadt_west_all_data.geojson; path = "EIFER Resources/Innenstadt_west_all_data.geojson"; sourceTree = "<group>"; };
		D8DF55C11CC4D9C300D7D084 /* ka_31467.bil */ = {isa = PBXFileReference; lastKnownFileType = file; name = ka_31467.bil; path = "EIFER Resources/ka_31467.bil"; sourceTree = "<group>"; };
		D8DF55C21CC4D9C300D7D084 /* karlsruhe_data.geojson */ = {isa = PBXFileReference; fileEncoding = 4; lastKnownFileType = text; name = karlsruhe_data.geojson; path = "EIFER Resources/karlsruhe_data.geojson"; sourceTree = "<group>"; };
		D8DF55C31CC4D9C300D7D084 /* knielingen_4326_lod2_PART_1.gml */ = {isa = PBXFileReference; fileEncoding = 4; lastKnownFileType = text.xml; name = knielingen_4326_lod2_PART_1.gml; path = "EIFER Resources/knielingen_4326_lod2_PART_1.gml"; sourceTree = "<group>"; };
		D8DF55C41CC4D9C300D7D084 /* knielingen_4326_lod2_PART_2.gml */ = {isa = PBXFileReference; fileEncoding = 4; lastKnownFileType = text.xml; name = knielingen_4326_lod2_PART_2.gml; path = "EIFER Resources/knielingen_4326_lod2_PART_2.gml"; sourceTree = "<group>"; };
		D8DF55C51CC4D9C300D7D084 /* knielingen_4326_lod2_PART_3.gml */ = {isa = PBXFileReference; fileEncoding = 4; lastKnownFileType = text.xml; name = knielingen_4326_lod2_PART_3.gml; path = "EIFER Resources/knielingen_4326_lod2_PART_3.gml"; sourceTree = "<group>"; };
		D8DF55C61CC4D9C300D7D084 /* knielingen_4326_lod2.gml */ = {isa = PBXFileReference; fileEncoding = 4; lastKnownFileType = text.xml; name = knielingen_4326_lod2.gml; path = "EIFER Resources/knielingen_4326_lod2.gml"; sourceTree = "<group>"; };
		D8DF55C71CC4D9C300D7D084 /* random_cluster_fewer_points.geojson */ = {isa = PBXFileReference; fileEncoding = 4; lastKnownFileType = text; name = random_cluster_fewer_points.geojson; path = "EIFER Resources/random_cluster_fewer_points.geojson"; sourceTree = "<group>"; };
		D8DF55C81CC4D9C300D7D084 /* random_cluster.geojson */ = {isa = PBXFileReference; fileEncoding = 4; lastKnownFileType = text; name = random_cluster.geojson; path = "EIFER Resources/random_cluster.geojson"; sourceTree = "<group>"; };
		D8EA744D1CC7884D007464C8 /* ulpgc_logo.jpg */ = {isa = PBXFileReference; lastKnownFileType = image.jpeg; path = ulpgc_logo.jpg; sourceTree = "<group>"; };
		D8EA744F1CC78ACB007464C8 /* ulpgc_logo.png */ = {isa = PBXFileReference; lastKnownFileType = image.png; path = ulpgc_logo.png; sourceTree = "<group>"; };
		D8EEF3861577920B003FEB5E /* EIFER App.app */ = {isa = PBXFileReference; explicitFileType = wrapper.application; includeInIndex = 0; path = "EIFER App.app"; sourceTree = BUILT_PRODUCTS_DIR; };
		D8EEF38A1577920B003FEB5E /* UIKit.framework */ = {isa = PBXFileReference; lastKnownFileType = wrapper.framework; name = UIKit.framework; path = System/Library/Frameworks/UIKit.framework; sourceTree = SDKROOT; };
		D8EEF38C1577920B003FEB5E /* Foundation.framework */ = {isa = PBXFileReference; lastKnownFileType = wrapper.framework; name = Foundation.framework; path = System/Library/Frameworks/Foundation.framework; sourceTree = SDKROOT; };
		D8EEF38E1577920B003FEB5E /* CoreGraphics.framework */ = {isa = PBXFileReference; lastKnownFileType = wrapper.framework; name = CoreGraphics.framework; path = System/Library/Frameworks/CoreGraphics.framework; sourceTree = SDKROOT; };
		D8EEF3921577920B003FEB5E /* EIFER App-Info.plist */ = {isa = PBXFileReference; lastKnownFileType = text.plist.xml; path = "EIFER App-Info.plist"; sourceTree = "<group>"; };
		D8EEF3941577920B003FEB5E /* en */ = {isa = PBXFileReference; lastKnownFileType = text.plist.strings; name = en; path = en.lproj/InfoPlist.strings; sourceTree = "<group>"; };
		D8EEF3961577920B003FEB5E /* main.m */ = {isa = PBXFileReference; lastKnownFileType = sourcecode.c.objc; path = main.m; sourceTree = "<group>"; };
		D8EEF3981577920B003FEB5E /* EIFER App-Prefix.pch */ = {isa = PBXFileReference; lastKnownFileType = sourcecode.c.h; path = "EIFER App-Prefix.pch"; sourceTree = "<group>"; };
		D8EEF3991577920B003FEB5E /* AppDelegate.h */ = {isa = PBXFileReference; lastKnownFileType = sourcecode.c.h; path = AppDelegate.h; sourceTree = "<group>"; };
		D8EEF39A1577920B003FEB5E /* AppDelegate.m */ = {isa = PBXFileReference; lastKnownFileType = sourcecode.c.objc; path = AppDelegate.m; sourceTree = "<group>"; };
		D8EEF39D1577920B003FEB5E /* en */ = {isa = PBXFileReference; lastKnownFileType = file.storyboard; name = en; path = en.lproj/MainStoryboard_iPhone.storyboard; sourceTree = "<group>"; };
		D8EEF3A21577920B003FEB5E /* ViewController.h */ = {isa = PBXFileReference; lastKnownFileType = sourcecode.c.h; path = ViewController.h; sourceTree = "<group>"; };
		D8EEF3A31577920B003FEB5E /* ViewController.mm */ = {isa = PBXFileReference; lastKnownFileType = sourcecode.cpp.objcpp; lineEnding = 0; path = ViewController.mm; sourceTree = "<group>"; xcLanguageSpecificationIdentifier = xcode.lang.objcpp; };
		D8EEF40E1577AA61003FEB5E /* OpenGLES.framework */ = {isa = PBXFileReference; lastKnownFileType = wrapper.framework; name = OpenGLES.framework; path = System/Library/Frameworks/OpenGLES.framework; sourceTree = SDKROOT; };
		D8EEF4101577AAE2003FEB5E /* QuartzCore.framework */ = {isa = PBXFileReference; lastKnownFileType = wrapper.framework; name = QuartzCore.framework; path = System/Library/Frameworks/QuartzCore.framework; sourceTree = SDKROOT; };
		D8EEF4161577AEC8003FEB5E /* G3MiOSSDK.xcodeproj */ = {isa = PBXFileReference; lastKnownFileType = "wrapper.pb-project"; name = G3MiOSSDK.xcodeproj; path = ../G3MiOSSDK/G3MiOSSDK.xcodeproj; sourceTree = "<group>"; };
		E71B152C1626D27F003D1013 /* Default-Landscape.png */ = {isa = PBXFileReference; lastKnownFileType = image.png; name = "Default-Landscape.png"; path = "Resources/Default-Landscape.png"; sourceTree = "<group>"; };
		E71B152D1626D27F003D1013 /* Default-Landscape@2x.png */ = {isa = PBXFileReference; lastKnownFileType = image.png; name = "Default-Landscape@2x.png"; path = "Resources/Default-Landscape@2x.png"; sourceTree = "<group>"; };
		E71B152E1626D27F003D1013 /* Default-Portrait.png */ = {isa = PBXFileReference; lastKnownFileType = image.png; name = "Default-Portrait.png"; path = "Resources/Default-Portrait.png"; sourceTree = "<group>"; };
		E71B152F1626D27F003D1013 /* Default-Portrait@2x.png */ = {isa = PBXFileReference; lastKnownFileType = image.png; name = "Default-Portrait@2x.png"; path = "Resources/Default-Portrait@2x.png"; sourceTree = "<group>"; };
		E71B15301626D27F003D1013 /* Icon-72.png */ = {isa = PBXFileReference; lastKnownFileType = image.png; name = "Icon-72.png"; path = "Resources/Icon-72.png"; sourceTree = "<group>"; };
		E71B15311626D27F003D1013 /* Icon-72@2x.png */ = {isa = PBXFileReference; lastKnownFileType = image.png; name = "Icon-72@2x.png"; path = "Resources/Icon-72@2x.png"; sourceTree = "<group>"; };
		E71B15321626D27F003D1013 /* Icon-Small-50.png */ = {isa = PBXFileReference; lastKnownFileType = image.png; name = "Icon-Small-50.png"; path = "Resources/Icon-Small-50.png"; sourceTree = "<group>"; };
		E71B15331626D27F003D1013 /* Icon-Small.png */ = {isa = PBXFileReference; lastKnownFileType = image.png; name = "Icon-Small.png"; path = "Resources/Icon-Small.png"; sourceTree = "<group>"; };
		E71B15341626D27F003D1013 /* Icon-Small@2x.png */ = {isa = PBXFileReference; lastKnownFileType = image.png; name = "Icon-Small@2x.png"; path = "Resources/Icon-Small@2x.png"; sourceTree = "<group>"; };
		E71B15351626D27F003D1013 /* Icon.png */ = {isa = PBXFileReference; lastKnownFileType = image.png; name = Icon.png; path = Resources/Icon.png; sourceTree = "<group>"; };
		E71B15361626D27F003D1013 /* Icon@2x.png */ = {isa = PBXFileReference; lastKnownFileType = image.png; name = "Icon@2x.png"; path = "Resources/Icon@2x.png"; sourceTree = "<group>"; };
/* End PBXFileReference section */

/* Begin PBXFrameworksBuildPhase section */
		D8EEF3831577920A003FEB5E /* Frameworks */ = {
			isa = PBXFrameworksBuildPhase;
			buildActionMask = 2147483647;
			files = (
				D8DF558C1CC4C90900D7D084 /* CoreLocation.framework in Frameworks */,
				D8DF558A1CC4C8FC00D7D084 /* CoreMotion.framework in Frameworks */,
				D8DF55881CC4C74B00D7D084 /* libxml2.tbd in Frameworks */,
				D8DF55861CC4C73E00D7D084 /* libxml2.2.tbd in Frameworks */,
				D8EEF38D1577920B003FEB5E /* Foundation.framework in Frameworks */,
				CF4027EB1770E90000D5A80C /* Security.framework in Frameworks */,
				CF4027E91770E8F900D5A80C /* CFNetwork.framework in Frameworks */,
				CF4027E71770E8F100D5A80C /* libicucore.dylib in Frameworks */,
				443BBC8315A5C22000EAE280 /* CoreData.framework in Frameworks */,
				44EEB5E0159B2B8B0086F243 /* libsqlite3.dylib in Frameworks */,
				D8EEF4221577AEE0003FEB5E /* libG3MiOSSDK.a in Frameworks */,
				D8EEF4111577AAE2003FEB5E /* QuartzCore.framework in Frameworks */,
				D8EEF40F1577AA61003FEB5E /* OpenGLES.framework in Frameworks */,
				D8EEF38B1577920B003FEB5E /* UIKit.framework in Frameworks */,
				D8EEF38F1577920B003FEB5E /* CoreGraphics.framework in Frameworks */,
			);
			runOnlyForDeploymentPostprocessing = 0;
		};
/* End PBXFrameworksBuildPhase section */

/* Begin PBXGroup section */
		D8EEF37B1577920A003FEB5E = {
			isa = PBXGroup;
			children = (
				D8EEF3891577920B003FEB5E /* Frameworks */,
				D8EEF3901577920B003FEB5E /* G3MiOSDemo */,
				D8EEF3871577920B003FEB5E /* Products */,
				D8EEF4161577AEC8003FEB5E /* G3MiOSSDK.xcodeproj */,
			);
			sourceTree = "<group>";
		};
		D8EEF3871577920B003FEB5E /* Products */ = {
			isa = PBXGroup;
			children = (
				D8EEF3861577920B003FEB5E /* EIFER App.app */,
			);
			name = Products;
			sourceTree = "<group>";
		};
		D8EEF3891577920B003FEB5E /* Frameworks */ = {
			isa = PBXGroup;
			children = (
				D8DF558B1CC4C90900D7D084 /* CoreLocation.framework */,
				D8DF55891CC4C8FC00D7D084 /* CoreMotion.framework */,
				D8DF55871CC4C74B00D7D084 /* libxml2.tbd */,
				D8DF55851CC4C73E00D7D084 /* libxml2.2.tbd */,
				CF4027E61770E8F100D5A80C /* libicucore.dylib */,
				44EEB5DF159B2B8B0086F243 /* libsqlite3.dylib */,
				CF4027E81770E8F900D5A80C /* CFNetwork.framework */,
				443BBC8215A5C21F00EAE280 /* CoreData.framework */,
				D8EEF38E1577920B003FEB5E /* CoreGraphics.framework */,
				D8EEF38C1577920B003FEB5E /* Foundation.framework */,
				CFCCFE0C16F506C20082F383 /* GLKit.framework */,
				D8EEF40E1577AA61003FEB5E /* OpenGLES.framework */,
				D8EEF4101577AAE2003FEB5E /* QuartzCore.framework */,
				CF4027EA1770E90000D5A80C /* Security.framework */,
				D8EEF38A1577920B003FEB5E /* UIKit.framework */,
			);
			name = Frameworks;
			sourceTree = "<group>";
		};
		D8EEF3901577920B003FEB5E /* G3MiOSDemo */ = {
			isa = PBXGroup;
			children = (
				D8EEF4271577B0D6003FEB5E /* Resources */,
				D8EEF3991577920B003FEB5E /* AppDelegate.h */,
				D8EEF39A1577920B003FEB5E /* AppDelegate.m */,
				D8EEF39C1577920B003FEB5E /* MainStoryboard_iPhone.storyboard */,
				D8EEF3A21577920B003FEB5E /* ViewController.h */,
				D8EEF3A31577920B003FEB5E /* ViewController.mm */,
				D80D57301BBAA1F400BA4762 /* Images.xcassets */,
				D8EEF3911577920B003FEB5E /* Supporting Files */,
				D86F55901CD9E75700A724F8 /* CameraViewController.h */,
				D86F55911CD9E75700A724F8 /* CameraViewController.m */,
			);
			name = G3MiOSDemo;
			path = Glob3iOSDemo;
			sourceTree = "<group>";
		};
		D8EEF3911577920B003FEB5E /* Supporting Files */ = {
			isa = PBXGroup;
			children = (
				D8EEF3921577920B003FEB5E /* EIFER App-Info.plist */,
				D8EEF3931577920B003FEB5E /* InfoPlist.strings */,
				D8EEF3961577920B003FEB5E /* main.m */,
				D8EEF3981577920B003FEB5E /* EIFER App-Prefix.pch */,
			);
			name = "Supporting Files";
			sourceTree = "<group>";
		};
		D8EEF4171577AEC8003FEB5E /* Products */ = {
			isa = PBXGroup;
			children = (
				D8EEF41E1577AEC8003FEB5E /* libG3MiOSSDK.a */,
			);
			name = Products;
			sourceTree = "<group>";
		};
		D8EEF4271577B0D6003FEB5E /* Resources */ = {
			isa = PBXGroup;
			children = (
				D88048291D3D068E001E8249 /* plane_off.png */,
				D880482A1D3D068E001E8249 /* plane_on.png */,
				D8BA7AFF1CE0B834003754DE /* SR_24h.csv */,
				D8EA744F1CC78ACB007464C8 /* ulpgc_logo.png */,
				D8EA744D1CC7884D007464C8 /* ulpgc_logo.jpg */,
				D88F1F111CC65B18005866FA /* down.png */,
				D88F1F0F1CC65390005866FA /* up.png */,
				D88F1F0C1CC6298B005866FA /* SolarRadiation.geojson */,
				D8DF55B61CC4D9C300D7D084 /* bulach_4326_lod2.gml */,
				D8DF55B71CC4D9C300D7D084 /* daxlanden_4326_lod2.gml */,
				D8DF55B81CC4D9C300D7D084 /* durlach_4326_lod2_PART_1.gml */,
				D8DF55B91CC4D9C300D7D084 /* durlach_4326_lod2_PART_2.gml */,
				D8DF55BA1CC4D9C300D7D084 /* durlach_4326_lod2.gml */,
				D8DF55BB1CC4D9C300D7D084 /* eifer_logo.png */,
				D8DF55BC1CC4D9C300D7D084 /* hagsfeld_4326_lod2.gml */,
				D8DF55BD1CC4D9C300D7D084 /* hohenwettersbach_4326_lod2.gml */,
				D8DF55BE1CC4D9C300D7D084 /* innenstadt_ost_4326_lod2.gml */,
				D8DF55BF1CC4D9C300D7D084 /* innenstadt_west_4326_lod2.gml */,
				D8DF55C01CC4D9C300D7D084 /* Innenstadt_west_all_data.geojson */,
				D8DF55C11CC4D9C300D7D084 /* ka_31467.bil */,
				D8DF55C21CC4D9C300D7D084 /* karlsruhe_data.geojson */,
				D8DF55C31CC4D9C300D7D084 /* knielingen_4326_lod2_PART_1.gml */,
				D8DF55C41CC4D9C300D7D084 /* knielingen_4326_lod2_PART_2.gml */,
				D8DF55C51CC4D9C300D7D084 /* knielingen_4326_lod2_PART_3.gml */,
				D8DF55C61CC4D9C300D7D084 /* knielingen_4326_lod2.gml */,
				D8D0DF3C1CE3300100B5B6D3 /* technologiepark_WGS84.gml */,
				D82D004F1CF4ACB20038C6FB /* k_s */,
				D8DF55C71CC4D9C300D7D084 /* random_cluster_fewer_points.geojson */,
				D8DF55C81CC4D9C300D7D084 /* random_cluster.geojson */,
				D8DF558E1CC4D4D100D7D084 /* EIFER Resources */,
				E71B152C1626D27F003D1013 /* Default-Landscape.png */,
				E71B152D1626D27F003D1013 /* Default-Landscape@2x.png */,
				E71B152E1626D27F003D1013 /* Default-Portrait.png */,
				E71B152F1626D27F003D1013 /* Default-Portrait@2x.png */,
				E71B15301626D27F003D1013 /* Icon-72.png */,
				E71B15311626D27F003D1013 /* Icon-72@2x.png */,
				E71B15321626D27F003D1013 /* Icon-Small-50.png */,
				E71B15331626D27F003D1013 /* Icon-Small.png */,
				E71B15341626D27F003D1013 /* Icon-Small@2x.png */,
				E71B15351626D27F003D1013 /* Icon.png */,
				E71B15361626D27F003D1013 /* Icon@2x.png */,
			);
			name = Resources;
			sourceTree = "<group>";
		};
/* End PBXGroup section */

/* Begin PBXNativeTarget section */
		D8EEF3851577920A003FEB5E /* EIFER App */ = {
			isa = PBXNativeTarget;
			buildConfigurationList = D8EEF3A71577920B003FEB5E /* Build configuration list for PBXNativeTarget "EIFER App" */;
			buildPhases = (
				D8EEF3821577920A003FEB5E /* Sources */,
				D8EEF3831577920A003FEB5E /* Frameworks */,
				D8EEF3841577920A003FEB5E /* Resources */,
			);
			buildRules = (
			);
			dependencies = (
				D8EEF4211577AEDC003FEB5E /* PBXTargetDependency */,
			);
			name = "EIFER App";
			productName = Glob3iOSDemo;
			productReference = D8EEF3861577920B003FEB5E /* EIFER App.app */;
			productType = "com.apple.product-type.application";
		};
/* End PBXNativeTarget section */

/* Begin PBXProject section */
		D8EEF37D1577920A003FEB5E /* Project object */ = {
			isa = PBXProject;
			attributes = {
				LastUpgradeCheck = 0700;
				TargetAttributes = {
					D8EEF3851577920A003FEB5E = {
						DevelopmentTeam = CTLLY45L74;
					};
				};
			};
			buildConfigurationList = D8EEF3801577920A003FEB5E /* Build configuration list for PBXProject "EIFER App" */;
			compatibilityVersion = "Xcode 3.2";
			developmentRegion = English;
			hasScannedForEncodings = 0;
			knownRegions = (
				en,
			);
			mainGroup = D8EEF37B1577920A003FEB5E;
			productRefGroup = D8EEF3871577920B003FEB5E /* Products */;
			projectDirPath = "";
			projectReferences = (
				{
					ProductGroup = D8EEF4171577AEC8003FEB5E /* Products */;
					ProjectRef = D8EEF4161577AEC8003FEB5E /* G3MiOSSDK.xcodeproj */;
				},
			);
			projectRoot = "";
			targets = (
				D8EEF3851577920A003FEB5E /* EIFER App */,
			);
		};
/* End PBXProject section */

/* Begin PBXReferenceProxy section */
		D8EEF41E1577AEC8003FEB5E /* libG3MiOSSDK.a */ = {
			isa = PBXReferenceProxy;
			fileType = archive.ar;
			path = libG3MiOSSDK.a;
			remoteRef = D8EEF41D1577AEC8003FEB5E /* PBXContainerItemProxy */;
			sourceTree = BUILT_PRODUCTS_DIR;
		};
/* End PBXReferenceProxy section */

/* Begin PBXResourcesBuildPhase section */
		D8EEF3841577920A003FEB5E /* Resources */ = {
			isa = PBXResourcesBuildPhase;
			buildActionMask = 2147483647;
			files = (
				D80D57311BBAA1F400BA4762 /* Images.xcassets in Resources */,
				D8D0DF3D1CE3300100B5B6D3 /* technologiepark_WGS84.gml in Resources */,
				D8DF55CA1CC4D9C300D7D084 /* daxlanden_4326_lod2.gml in Resources */,
				D8EA744E1CC7884D007464C8 /* ulpgc_logo.jpg in Resources */,
				D88F1F0D1CC6298B005866FA /* SolarRadiation.geojson in Resources */,
				D8DF55D31CC4D9C300D7D084 /* Innenstadt_west_all_data.geojson in Resources */,
				D8EEF3951577920B003FEB5E /* InfoPlist.strings in Resources */,
				D8EEF39E1577920B003FEB5E /* MainStoryboard_iPhone.storyboard in Resources */,
				D8DF55D91CC4D9C300D7D084 /* knielingen_4326_lod2.gml in Resources */,
				D8DF55D01CC4D9C300D7D084 /* hohenwettersbach_4326_lod2.gml in Resources */,
				D8DF55CC1CC4D9C300D7D084 /* durlach_4326_lod2_PART_2.gml in Resources */,
				D8DF55D51CC4D9C300D7D084 /* karlsruhe_data.geojson in Resources */,
				D8DF55D21CC4D9C300D7D084 /* innenstadt_west_4326_lod2.gml in Resources */,
				D8EA74501CC78ACB007464C8 /* ulpgc_logo.png in Resources */,
				E71B15371626D27F003D1013 /* Default-Landscape.png in Resources */,
				D8BA7B011CE0B834003754DE /* SR_24h.csv in Resources */,
				E71B15381626D27F003D1013 /* Default-Landscape@2x.png in Resources */,
				E71B15391626D27F003D1013 /* Default-Portrait.png in Resources */,
				E71B153A1626D27F003D1013 /* Default-Portrait@2x.png in Resources */,
				E71B153B1626D27F003D1013 /* Icon-72.png in Resources */,
				D8DF55CF1CC4D9C300D7D084 /* hagsfeld_4326_lod2.gml in Resources */,
				E71B153C1626D27F003D1013 /* Icon-72@2x.png in Resources */,
				E71B153D1626D27F003D1013 /* Icon-Small-50.png in Resources */,
				D880482C1D3D068E001E8249 /* plane_on.png in Resources */,
				D880482B1D3D068E001E8249 /* plane_off.png in Resources */,
				D8DF55D71CC4D9C300D7D084 /* knielingen_4326_lod2_PART_2.gml in Resources */,
				D8DF55D81CC4D9C300D7D084 /* knielingen_4326_lod2_PART_3.gml in Resources */,
				E71B153E1626D27F003D1013 /* Icon-Small.png in Resources */,
				E71B153F1626D27F003D1013 /* Icon-Small@2x.png in Resources */,
				E71B15401626D27F003D1013 /* Icon.png in Resources */,
				D8DF55D41CC4D9C300D7D084 /* ka_31467.bil in Resources */,
				D8DF558F1CC4D4D100D7D084 /* EIFER Resources in Resources */,
				E71B15411626D27F003D1013 /* Icon@2x.png in Resources */,
				D8DF55C91CC4D9C300D7D084 /* bulach_4326_lod2.gml in Resources */,
				D8DF55CE1CC4D9C300D7D084 /* eifer_logo.png in Resources */,
				D88F1F121CC65B18005866FA /* down.png in Resources */,
				D8DF55DA1CC4D9C300D7D084 /* random_cluster_fewer_points.geojson in Resources */,
				D88F1F101CC65390005866FA /* up.png in Resources */,
				D8DF55CD1CC4D9C300D7D084 /* durlach_4326_lod2.gml in Resources */,
				D8DF55DB1CC4D9C300D7D084 /* random_cluster.geojson in Resources */,
				D8DF55D11CC4D9C300D7D084 /* innenstadt_ost_4326_lod2.gml in Resources */,
				D8DF55D61CC4D9C300D7D084 /* knielingen_4326_lod2_PART_1.gml in Resources */,
				D82D00501CF4ACB20038C6FB /* k_s in Resources */,
				D8DF55CB1CC4D9C300D7D084 /* durlach_4326_lod2_PART_1.gml in Resources */,
			);
			runOnlyForDeploymentPostprocessing = 0;
		};
/* End PBXResourcesBuildPhase section */

/* Begin PBXSourcesBuildPhase section */
		D8EEF3821577920A003FEB5E /* Sources */ = {
			isa = PBXSourcesBuildPhase;
			buildActionMask = 2147483647;
			files = (
				D8EEF3971577920B003FEB5E /* main.m in Sources */,
				D86F55921CD9E75700A724F8 /* CameraViewController.m in Sources */,
				D8EEF39B1577920B003FEB5E /* AppDelegate.m in Sources */,
				D8EEF3A41577920B003FEB5E /* ViewController.mm in Sources */,
			);
			runOnlyForDeploymentPostprocessing = 0;
		};
/* End PBXSourcesBuildPhase section */

/* Begin PBXTargetDependency section */
		D8EEF4211577AEDC003FEB5E /* PBXTargetDependency */ = {
			isa = PBXTargetDependency;
			name = G3MiOSSDK;
			targetProxy = D8EEF4201577AEDC003FEB5E /* PBXContainerItemProxy */;
		};
/* End PBXTargetDependency section */

/* Begin PBXVariantGroup section */
		D8EEF3931577920B003FEB5E /* InfoPlist.strings */ = {
			isa = PBXVariantGroup;
			children = (
				D8EEF3941577920B003FEB5E /* en */,
			);
			name = InfoPlist.strings;
			sourceTree = "<group>";
		};
		D8EEF39C1577920B003FEB5E /* MainStoryboard_iPhone.storyboard */ = {
			isa = PBXVariantGroup;
			children = (
				D8EEF39D1577920B003FEB5E /* en */,
			);
			name = MainStoryboard_iPhone.storyboard;
			sourceTree = "<group>";
		};
/* End PBXVariantGroup section */

/* Begin XCBuildConfiguration section */
		D8EEF3A51577920B003FEB5E /* Debug */ = {
			isa = XCBuildConfiguration;
			buildSettings = {
				ALWAYS_SEARCH_USER_PATHS = YES;
				CLANG_ENABLE_OBJC_ARC = YES;
				CLANG_WARN_BOOL_CONVERSION = YES;
				CLANG_WARN_CONSTANT_CONVERSION = YES;
				CLANG_WARN_EMPTY_BODY = YES;
				CLANG_WARN_ENUM_CONVERSION = YES;
				CLANG_WARN_INT_CONVERSION = YES;
				CLANG_WARN_UNREACHABLE_CODE = YES;
				CLANG_WARN__DUPLICATE_METHOD_MATCH = YES;
				CODE_SIGN_IDENTITY = "iPhone Developer";
				"CODE_SIGN_IDENTITY[sdk=iphoneos*]" = "iPhone Developer";
				COPY_PHASE_STRIP = NO;
				ENABLE_STRICT_OBJC_MSGSEND = YES;
				ENABLE_TESTABILITY = YES;
				GCC_C_LANGUAGE_STANDARD = gnu99;
				GCC_DYNAMIC_NO_PIC = NO;
				GCC_NO_COMMON_BLOCKS = YES;
				GCC_OPTIMIZATION_LEVEL = 0;
				GCC_PREPROCESSOR_DEFINITIONS = (
					"DEBUG=1",
					"$(inherited)",
				);
				GCC_SYMBOLS_PRIVATE_EXTERN = NO;
				GCC_VERSION = com.apple.compilers.llvm.clang.1_0;
				GCC_WARN_64_TO_32_BIT_CONVERSION = YES;
				GCC_WARN_ABOUT_MISSING_PROTOTYPES = YES;
				GCC_WARN_ABOUT_RETURN_TYPE = YES;
				GCC_WARN_SIGN_COMPARE = YES;
				GCC_WARN_UNDECLARED_SELECTOR = YES;
				GCC_WARN_UNINITIALIZED_AUTOS = YES;
				GCC_WARN_UNUSED_FUNCTION = YES;
				GCC_WARN_UNUSED_VARIABLE = YES;
				HEADER_SEARCH_PATHS = "$(BUILT_PRODUCTS_DIR)/**";
				IPHONEOS_DEPLOYMENT_TARGET = 5.0;
				ONLY_ACTIVE_ARCH = YES;
				OTHER_LDFLAGS = "-ObjC";
				PROVISIONING_PROFILE = "";
				"PROVISIONING_PROFILE[sdk=iphoneos*]" = "";
				RUN_CLANG_STATIC_ANALYZER = NO;
				SDKROOT = iphoneos;
				TARGETED_DEVICE_FAMILY = "1,2";
			};
			name = Debug;
		};
		D8EEF3A61577920B003FEB5E /* Release */ = {
			isa = XCBuildConfiguration;
			buildSettings = {
				ALWAYS_SEARCH_USER_PATHS = YES;
				CLANG_ENABLE_OBJC_ARC = YES;
				CLANG_WARN_BOOL_CONVERSION = YES;
				CLANG_WARN_CONSTANT_CONVERSION = YES;
				CLANG_WARN_EMPTY_BODY = YES;
				CLANG_WARN_ENUM_CONVERSION = YES;
				CLANG_WARN_INT_CONVERSION = YES;
				CLANG_WARN_UNREACHABLE_CODE = YES;
				CLANG_WARN__DUPLICATE_METHOD_MATCH = YES;
				CODE_SIGN_IDENTITY = "iPhone Developer";
				"CODE_SIGN_IDENTITY[sdk=iphoneos*]" = "iPhone Developer";
				COPY_PHASE_STRIP = YES;
				ENABLE_STRICT_OBJC_MSGSEND = YES;
				GCC_C_LANGUAGE_STANDARD = gnu99;
				GCC_NO_COMMON_BLOCKS = YES;
				GCC_VERSION = com.apple.compilers.llvm.clang.1_0;
				GCC_WARN_64_TO_32_BIT_CONVERSION = YES;
				GCC_WARN_ABOUT_MISSING_PROTOTYPES = YES;
				GCC_WARN_ABOUT_RETURN_TYPE = YES;
				GCC_WARN_SIGN_COMPARE = YES;
				GCC_WARN_UNDECLARED_SELECTOR = YES;
				GCC_WARN_UNINITIALIZED_AUTOS = YES;
				GCC_WARN_UNUSED_FUNCTION = YES;
				GCC_WARN_UNUSED_VARIABLE = YES;
				HEADER_SEARCH_PATHS = "$(BUILT_PRODUCTS_DIR)/**";
				IPHONEOS_DEPLOYMENT_TARGET = 5.0;
				OTHER_CFLAGS = "-DNS_BLOCK_ASSERTIONS=1";
				OTHER_LDFLAGS = "-ObjC";
				PROVISIONING_PROFILE = "";
				"PROVISIONING_PROFILE[sdk=iphoneos*]" = "";
				RUN_CLANG_STATIC_ANALYZER = NO;
				SDKROOT = iphoneos;
				TARGETED_DEVICE_FAMILY = "1,2";
				VALIDATE_PRODUCT = YES;
			};
			name = Release;
		};
		D8EEF3A81577920B003FEB5E /* Debug */ = {
			isa = XCBuildConfiguration;
			buildSettings = {
				ALWAYS_SEARCH_USER_PATHS = YES;
				ASSETCATALOG_COMPILER_APPICON_NAME = AppIcon;
				ASSETCATALOG_COMPILER_LAUNCHIMAGE_NAME = BrandAsset;
				CLANG_CXX_LIBRARY = "libstdc++";
				CLANG_ENABLE_MODULES = YES;
				CODE_SIGN_IDENTITY = "iPhone Developer";
				"CODE_SIGN_IDENTITY[sdk=iphoneos*]" = "iPhone Developer";
				DEVELOPMENT_TEAM = CTLLY45L74;
				ENABLE_BITCODE = NO;
				GCC_PRECOMPILE_PREFIX_HEADER = YES;
				GCC_PREFIX_HEADER = "Glob3iOSDemo/EIFER App-Prefix.pch";
				GCC_PREPROCESSOR_DEFINITIONS = (
					"DEBUG=1",
					"$(inherited)",
					C_CODE,
				);
				GCC_WARN_HIDDEN_VIRTUAL_FUNCTIONS = NO;
				GCC_WARN_UNUSED_FUNCTION = NO;
				HEADER_SEARCH_PATHS = (
					"$(BUILT_PRODUCTS_DIR)/**",
					"$(SDKROOT)/usr/include/libxml2",
				);
				INFOPLIST_FILE = "Glob3iOSDemo/EIFER App-Info.plist";
				IPHONEOS_DEPLOYMENT_TARGET = 9.3;
				PRODUCT_BUNDLE_IDENTIFIER = com.glob3mobile.EIFERApp;
				PRODUCT_NAME = "EIFER App";
				PROVISIONING_PROFILE = "";
				"PROVISIONING_PROFILE[sdk=iphoneos*]" = "";
				RUN_CLANG_STATIC_ANALYZER = YES;
				SCAN_ALL_SOURCE_FILES_FOR_INCLUDES = NO;
				TARGETED_DEVICE_FAMILY = "1,2";
				WRAPPER_EXTENSION = app;
			};
			name = Debug;
		};
		D8EEF3A91577920B003FEB5E /* Release */ = {
			isa = XCBuildConfiguration;
			buildSettings = {
				ALWAYS_SEARCH_USER_PATHS = YES;
				ASSETCATALOG_COMPILER_APPICON_NAME = AppIcon;
				ASSETCATALOG_COMPILER_LAUNCHIMAGE_NAME = BrandAsset;
				CLANG_CXX_LIBRARY = "libstdc++";
				CLANG_ENABLE_MODULES = YES;
				CODE_SIGN_IDENTITY = "iPhone Developer";
				"CODE_SIGN_IDENTITY[sdk=iphoneos*]" = "iPhone Developer";
				DEVELOPMENT_TEAM = CTLLY45L74;
				ENABLE_BITCODE = NO;
				GCC_PRECOMPILE_PREFIX_HEADER = YES;
				GCC_PREFIX_HEADER = "Glob3iOSDemo/EIFER App-Prefix.pch";
				GCC_PREPROCESSOR_DEFINITIONS = C_CODE;
				GCC_WARN_HIDDEN_VIRTUAL_FUNCTIONS = NO;
				GCC_WARN_UNUSED_FUNCTION = NO;
				HEADER_SEARCH_PATHS = (
					"$(BUILT_PRODUCTS_DIR)/**",
					"$(SDKROOT)/usr/include/libxml2",
				);
				INFOPLIST_FILE = "Glob3iOSDemo/EIFER App-Info.plist";
				IPHONEOS_DEPLOYMENT_TARGET = 9.3;
				PRODUCT_BUNDLE_IDENTIFIER = com.glob3mobile.EIFERApp;
				PRODUCT_NAME = "EIFER App";
				PROVISIONING_PROFILE = "";
				RUN_CLANG_STATIC_ANALYZER = YES;
				SCAN_ALL_SOURCE_FILES_FOR_INCLUDES = NO;
				TARGETED_DEVICE_FAMILY = "1,2";
				WRAPPER_EXTENSION = app;
			};
			name = Release;
		};
/* End XCBuildConfiguration section */

/* Begin XCConfigurationList section */
		D8EEF3801577920A003FEB5E /* Build configuration list for PBXProject "EIFER App" */ = {
			isa = XCConfigurationList;
			buildConfigurations = (
				D8EEF3A51577920B003FEB5E /* Debug */,
				D8EEF3A61577920B003FEB5E /* Release */,
			);
			defaultConfigurationIsVisible = 0;
			defaultConfigurationName = Release;
		};
		D8EEF3A71577920B003FEB5E /* Build configuration list for PBXNativeTarget "EIFER App" */ = {
			isa = XCConfigurationList;
			buildConfigurations = (
				D8EEF3A81577920B003FEB5E /* Debug */,
				D8EEF3A91577920B003FEB5E /* Release */,
			);
			defaultConfigurationIsVisible = 0;
			defaultConfigurationName = Release;
		};
/* End XCConfigurationList section */
	};
	rootObject = D8EEF37D1577920A003FEB5E /* Project object */;
}
