<?xml version="1.0" encoding="utf-8"?>
<Project ToolsVersion="4.0" xmlns="http://schemas.microsoft.com/developer/msbuild/2003">
  <ItemGroup>
    <ClCompile Include="$(MSBuildThisFileDirectory)Main.cpp" />
  </ItemGroup>
  <ItemGroup>
    <FxCompile Include="$(MSBuildThisFileDirectory)..\..\..\G3MWindowsSDK\Shaders\ColorMeshV.hlsl" />
    <FxCompile Include="$(MSBuildThisFileDirectory)..\..\..\G3MWindowsSDK\Shaders\ColorMeshP.hlsl" />
    <FxCompile Include="$(MSBuildThisFileDirectory)..\..\..\G3MWindowsSDK\Shaders\NoColorMeshV.hlsl" />
    <FxCompile Include="$(MSBuildThisFileDirectory)..\..\..\G3MWindowsSDK\Shaders\NoColorMeshP.hlsl" />
    <FxCompile Include="$(MSBuildThisFileDirectory)..\..\..\G3MWindowsSDK\Shaders\TexturedMeshV.hlsl" />
    <FxCompile Include="$(MSBuildThisFileDirectory)..\..\..\G3MWindowsSDK\Shaders\TexturedMeshP.hlsl" />
  </ItemGroup>
</Project>